// !$*UTF8*$!
{
	archiveVersion = 1;
	classes = {
	};
	objectVersion = 46;
	objects = {

/* Begin PBXBuildFile section */
		ABD7C69B1AE4A2780000D0E0 /* www in Resources */ = {isa = PBXBuildFile; fileRef = ABD7C69A1AE4A2780000D0E0 /* www */; };
		ABE516AA1A00ADDE0025A92E /* AppDelegate.swift in Sources */ = {isa = PBXBuildFile; fileRef = ABE516A21A00ADDE0025A92E /* AppDelegate.swift */; };
		ABE516AC1A00ADDE0025A92E /* Main.storyboard in Resources */ = {isa = PBXBuildFile; fileRef = ABE516A61A00ADDE0025A92E /* Main.storyboard */; };
		ABE516AD1A00ADDE0025A92E /* Images.xcassets in Resources */ = {isa = PBXBuildFile; fileRef = ABE516A81A00ADDE0025A92E /* Images.xcassets */; };
		ABE516AE1A00ADDE0025A92E /* ViewController.swift in Sources */ = {isa = PBXBuildFile; fileRef = ABE516A91A00ADDE0025A92E /* ViewController.swift */; };
/* End PBXBuildFile section */

/* Begin PBXContainerItemProxy section */
		ABD7C6941AE4A0710000D0E0 /* PBXContainerItemProxy */ = {
			isa = PBXContainerItemProxy;
			containerPortal = ABD7C68F1AE4A0710000D0E0 /* XWalkView.xcodeproj */;
			proxyType = 2;
			remoteGlobalIDString = EE62683519FA323900EFC3F8;
			remoteInfo = XWalkView;
		};
		ABD7C6961AE4A0710000D0E0 /* PBXContainerItemProxy */ = {
			isa = PBXContainerItemProxy;
			containerPortal = ABD7C68F1AE4A0710000D0E0 /* XWalkView.xcodeproj */;
			proxyType = 2;
			remoteGlobalIDString = AB023EA01A8C506600580A2A;
			remoteInfo = XWalkViewTests;
		};
		ABD7C6981AE4A07A0000D0E0 /* PBXContainerItemProxy */ = {
			isa = PBXContainerItemProxy;
			containerPortal = ABD7C68F1AE4A0710000D0E0 /* XWalkView.xcodeproj */;
			proxyType = 1;
			remoteGlobalIDString = EE62683419FA323900EFC3F8;
			remoteInfo = XWalkView;
		};
/* End PBXContainerItemProxy section */

/* Begin PBXCopyFilesBuildPhase section */
		EE0E490F1A5C72DB002D95B8 /* Embed Frameworks */ = {
			isa = PBXCopyFilesBuildPhase;
			buildActionMask = 2147483647;
			dstPath = "";
			dstSubfolderSpec = 10;
			files = (
			);
			name = "Embed Frameworks";
			runOnlyForDeploymentPostprocessing = 0;
		};
/* End PBXCopyFilesBuildPhase section */

/* Begin PBXFileReference section */
		AB603B9819EA58CB00DECF78 /* AppShell.app */ = {isa = PBXFileReference; explicitFileType = wrapper.application; includeInIndex = 0; path = AppShell.app; sourceTree = BUILT_PRODUCTS_DIR; };
		ABD7C68F1AE4A0710000D0E0 /* XWalkView.xcodeproj */ = {isa = PBXFileReference; lastKnownFileType = "wrapper.pb-project"; name = XWalkView.xcodeproj; path = ../XWalkView/XWalkView.xcodeproj; sourceTree = "<group>"; };
		ABD7C69A1AE4A2780000D0E0 /* www */ = {isa = PBXFileReference; lastKnownFileType = folder; path = www; sourceTree = "<group>"; };
		ABE516A21A00ADDE0025A92E /* AppDelegate.swift */ = {isa = PBXFileReference; fileEncoding = 4; lastKnownFileType = sourcecode.swift; name = AppDelegate.swift; path = AppShell/AppDelegate.swift; sourceTree = SOURCE_ROOT; };
		ABE516A71A00ADDE0025A92E /* Base */ = {isa = PBXFileReference; lastKnownFileType = file.storyboard; name = Base; path = Main.storyboard; sourceTree = "<group>"; };
		ABE516A81A00ADDE0025A92E /* Images.xcassets */ = {isa = PBXFileReference; lastKnownFileType = folder.assetcatalog; name = Images.xcassets; path = AppShell/Images.xcassets; sourceTree = SOURCE_ROOT; };
		ABE516A91A00ADDE0025A92E /* ViewController.swift */ = {isa = PBXFileReference; fileEncoding = 4; lastKnownFileType = sourcecode.swift; name = ViewController.swift; path = AppShell/ViewController.swift; sourceTree = "<group>"; };
		ABE516B31A00AEE60025A92E /* Info.plist */ = {isa = PBXFileReference; fileEncoding = 4; lastKnownFileType = text.plist.xml; name = Info.plist; path = AppShell/Info.plist; sourceTree = SOURCE_ROOT; };
/* End PBXFileReference section */

/* Begin PBXFrameworksBuildPhase section */
		AB603B9519EA58CB00DECF78 /* Frameworks */ = {
			isa = PBXFrameworksBuildPhase;
			buildActionMask = 2147483647;
			files = (
			);
			runOnlyForDeploymentPostprocessing = 0;
		};
/* End PBXFrameworksBuildPhase section */

/* Begin PBXGroup section */
		AB603B8F19EA58CB00DECF78 = {
			isa = PBXGroup;
			children = (
				ABD7C69A1AE4A2780000D0E0 /* www */,
				ABD7C68F1AE4A0710000D0E0 /* XWalkView.xcodeproj */,
				ABE516A21A00ADDE0025A92E /* AppDelegate.swift */,
				ABE516A61A00ADDE0025A92E /* Main.storyboard */,
				ABE516A81A00ADDE0025A92E /* Images.xcassets */,
				ABE516A91A00ADDE0025A92E /* ViewController.swift */,
				AB603B9B19EA58CB00DECF78 /* Supporting Files */,
				AB603B9919EA58CB00DECF78 /* Products */,
			);
			sourceTree = "<group>";
		};
		AB603B9919EA58CB00DECF78 /* Products */ = {
			isa = PBXGroup;
			children = (
				AB603B9819EA58CB00DECF78 /* AppShell.app */,
			);
			name = Products;
			sourceTree = "<group>";
		};
		AB603B9B19EA58CB00DECF78 /* Supporting Files */ = {
			isa = PBXGroup;
			children = (
				ABE516B31A00AEE60025A92E /* Info.plist */,
			);
			name = "Supporting Files";
			sourceTree = "<group>";
		};
		ABD7C6901AE4A0710000D0E0 /* Products */ = {
			isa = PBXGroup;
			children = (
				ABD7C6951AE4A0710000D0E0 /* XWalkView.framework */,
				ABD7C6971AE4A0710000D0E0 /* XWalkViewTests.xctest */,
			);
			name = Products;
			sourceTree = "<group>";
		};
/* End PBXGroup section */

/* Begin PBXNativeTarget section */
		AB603B9719EA58CB00DECF78 /* AppShell */ = {
			isa = PBXNativeTarget;
			buildConfigurationList = AB603BB719EA58CC00DECF78 /* Build configuration list for PBXNativeTarget "AppShell" */;
			buildPhases = (
				AB603B9419EA58CB00DECF78 /* Sources */,
				AB603B9519EA58CB00DECF78 /* Frameworks */,
				AB603B9619EA58CB00DECF78 /* Resources */,
				EE0E490F1A5C72DB002D95B8 /* Embed Frameworks */,
			);
			buildRules = (
			);
			dependencies = (
				ABD7C6991AE4A07A0000D0E0 /* PBXTargetDependency */,
			);
			name = AppShell;
			productName = AppShell;
			productReference = AB603B9819EA58CB00DECF78 /* AppShell.app */;
			productType = "com.apple.product-type.application";
		};
/* End PBXNativeTarget section */

/* Begin PBXProject section */
		AB603B9019EA58CB00DECF78 /* Project object */ = {
			isa = PBXProject;
			attributes = {
				LastUpgradeCheck = 0610;
				ORGANIZATIONNAME = Crosswalk;
				TargetAttributes = {
					AB603B9719EA58CB00DECF78 = {
						CreatedOnToolsVersion = 6.0.1;
					};
				};
			};
			buildConfigurationList = AB603B9319EA58CB00DECF78 /* Build configuration list for PBXProject "AppShell" */;
			compatibilityVersion = "Xcode 3.2";
			developmentRegion = English;
			hasScannedForEncodings = 0;
			knownRegions = (
				en,
				Base,
			);
			mainGroup = AB603B8F19EA58CB00DECF78;
			productRefGroup = AB603B9919EA58CB00DECF78 /* Products */;
			projectDirPath = "";
			projectReferences = (
				{
					ProductGroup = ABD7C6901AE4A0710000D0E0 /* Products */;
					ProjectRef = ABD7C68F1AE4A0710000D0E0 /* XWalkView.xcodeproj */;
				},
			);
			projectRoot = "";
			targets = (
				AB603B9719EA58CB00DECF78 /* AppShell */,
			);
		};
/* End PBXProject section */

/* Begin PBXReferenceProxy section */
		ABD7C6951AE4A0710000D0E0 /* XWalkView.framework */ = {
			isa = PBXReferenceProxy;
			fileType = wrapper.framework;
			path = XWalkView.framework;
			remoteRef = ABD7C6941AE4A0710000D0E0 /* PBXContainerItemProxy */;
			sourceTree = BUILT_PRODUCTS_DIR;
		};
		ABD7C6971AE4A0710000D0E0 /* XWalkViewTests.xctest */ = {
			isa = PBXReferenceProxy;
			fileType = wrapper.cfbundle;
			path = XWalkViewTests.xctest;
			remoteRef = ABD7C6961AE4A0710000D0E0 /* PBXContainerItemProxy */;
			sourceTree = BUILT_PRODUCTS_DIR;
		};
/* End PBXReferenceProxy section */

/* Begin PBXResourcesBuildPhase section */
		AB603B9619EA58CB00DECF78 /* Resources */ = {
			isa = PBXResourcesBuildPhase;
			buildActionMask = 2147483647;
			files = (
				ABD7C69B1AE4A2780000D0E0 /* www in Resources */,
				ABE516AC1A00ADDE0025A92E /* Main.storyboard in Resources */,
				ABE516AD1A00ADDE0025A92E /* Images.xcassets in Resources */,
			);
			runOnlyForDeploymentPostprocessing = 0;
		};
/* End PBXResourcesBuildPhase section */

/* Begin PBXSourcesBuildPhase section */
		AB603B9419EA58CB00DECF78 /* Sources */ = {
			isa = PBXSourcesBuildPhase;
			buildActionMask = 2147483647;
			files = (
				ABE516AE1A00ADDE0025A92E /* ViewController.swift in Sources */,
				ABE516AA1A00ADDE0025A92E /* AppDelegate.swift in Sources */,
			);
			runOnlyForDeploymentPostprocessing = 0;
		};
/* End PBXSourcesBuildPhase section */

/* Begin PBXTargetDependency section */
		ABD7C6991AE4A07A0000D0E0 /* PBXTargetDependency */ = {
			isa = PBXTargetDependency;
			name = XWalkView;
			targetProxy = ABD7C6981AE4A07A0000D0E0 /* PBXContainerItemProxy */;
		};
/* End PBXTargetDependency section */

/* Begin PBXVariantGroup section */
		ABE516A61A00ADDE0025A92E /* Main.storyboard */ = {
			isa = PBXVariantGroup;
			children = (
				ABE516A71A00ADDE0025A92E /* Base */,
			);
			name = Main.storyboard;
			path = AppShell/Base.lproj;
			sourceTree = "<group>";
		};
/* End PBXVariantGroup section */

/* Begin XCBuildConfiguration section */
		AB603BB519EA58CC00DECF78 /* Debug */ = {
			isa = XCBuildConfiguration;
			buildSettings = {
				ALWAYS_SEARCH_USER_PATHS = NO;
				CLANG_CXX_LANGUAGE_STANDARD = "gnu++0x";
				CLANG_CXX_LIBRARY = "libc++";
				CLANG_ENABLE_MODULES = YES;
				CLANG_ENABLE_OBJC_ARC = YES;
				CLANG_WARN_BOOL_CONVERSION = YES;
				CLANG_WARN_CONSTANT_CONVERSION = YES;
				CLANG_WARN_DIRECT_OBJC_ISA_USAGE = YES_ERROR;
				CLANG_WARN_EMPTY_BODY = YES;
				CLANG_WARN_ENUM_CONVERSION = YES;
				CLANG_WARN_INT_CONVERSION = YES;
				CLANG_WARN_OBJC_ROOT_CLASS = YES_ERROR;
				CLANG_WARN_UNREACHABLE_CODE = YES;
				CLANG_WARN__DUPLICATE_METHOD_MATCH = YES;
				"CODE_SIGN_IDENTITY[sdk=iphoneos*]" = "iPhone Developer";
				COPY_PHASE_STRIP = NO;
				ENABLE_STRICT_OBJC_MSGSEND = YES;
				GCC_C_LANGUAGE_STANDARD = gnu99;
				GCC_DYNAMIC_NO_PIC = NO;
				GCC_OPTIMIZATION_LEVEL = 0;
				GCC_PREPROCESSOR_DEFINITIONS = (
					"DEBUG=1",
					"$(inherited)",
				);
				GCC_SYMBOLS_PRIVATE_EXTERN = NO;
				GCC_WARN_64_TO_32_BIT_CONVERSION = YES;
				GCC_WARN_ABOUT_RETURN_TYPE = YES_ERROR;
				GCC_WARN_UNDECLARED_SELECTOR = YES;
				GCC_WARN_UNINITIALIZED_AUTOS = YES_AGGRESSIVE;
				GCC_WARN_UNUSED_FUNCTION = YES;
				GCC_WARN_UNUSED_VARIABLE = YES;
				IPHONEOS_DEPLOYMENT_TARGET = 8.0;
				MTL_ENABLE_DEBUG_INFO = YES;
				ONLY_ACTIVE_ARCH = YES;
				SDKROOT = iphoneos;
				SWIFT_OPTIMIZATION_LEVEL = "-Onone";
				TARGETED_DEVICE_FAMILY = "1,2";
			};
			name = Debug;
		};
		AB603BB619EA58CC00DECF78 /* Release */ = {
			isa = XCBuildConfiguration;
			buildSettings = {
				ALWAYS_SEARCH_USER_PATHS = NO;
				CLANG_CXX_LANGUAGE_STANDARD = "gnu++0x";
				CLANG_CXX_LIBRARY = "libc++";
				CLANG_ENABLE_MODULES = YES;
				CLANG_ENABLE_OBJC_ARC = YES;
				CLANG_WARN_BOOL_CONVERSION = YES;
				CLANG_WARN_CONSTANT_CONVERSION = YES;
				CLANG_WARN_DIRECT_OBJC_ISA_USAGE = YES_ERROR;
				CLANG_WARN_EMPTY_BODY = YES;
				CLANG_WARN_ENUM_CONVERSION = YES;
				CLANG_WARN_INT_CONVERSION = YES;
				CLANG_WARN_OBJC_ROOT_CLASS = YES_ERROR;
				CLANG_WARN_UNREACHABLE_CODE = YES;
				CLANG_WARN__DUPLICATE_METHOD_MATCH = YES;
				"CODE_SIGN_IDENTITY[sdk=iphoneos*]" = "iPhone Developer";
				COPY_PHASE_STRIP = YES;
				ENABLE_NS_ASSERTIONS = NO;
				ENABLE_STRICT_OBJC_MSGSEND = YES;
				GCC_C_LANGUAGE_STANDARD = gnu99;
				GCC_WARN_64_TO_32_BIT_CONVERSION = YES;
				GCC_WARN_ABOUT_RETURN_TYPE = YES_ERROR;
				GCC_WARN_UNDECLARED_SELECTOR = YES;
				GCC_WARN_UNINITIALIZED_AUTOS = YES_AGGRESSIVE;
				GCC_WARN_UNUSED_FUNCTION = YES;
				GCC_WARN_UNUSED_VARIABLE = YES;
				IPHONEOS_DEPLOYMENT_TARGET = 8.0;
				MTL_ENABLE_DEBUG_INFO = NO;
				SDKROOT = iphoneos;
				TARGETED_DEVICE_FAMILY = "1,2";
				VALIDATE_PRODUCT = YES;
			};
			name = Release;
		};
		AB603BB819EA58CC00DECF78 /* Debug */ = {
			isa = XCBuildConfiguration;
			buildSettings = {
				ASSETCATALOG_COMPILER_APPICON_NAME = AppIcon;
				FRAMEWORK_SEARCH_PATHS = (
					"$(inherited)",
					"$(PROJECT_DIR)/Build/Products/Debug-iphoneos",
					"$(PROJECT_DIR)/Build/Products/Debug-iphonesimulator",
				);
				INFOPLIST_FILE = AppShell/Info.plist;
				IPHONEOS_DEPLOYMENT_TARGET = 8.1;
				LD_RUNPATH_SEARCH_PATHS = "$(inherited) @executable_path/Frameworks";
				PRODUCT_NAME = "$(TARGET_NAME)";
			};
			name = Debug;
		};
		AB603BB919EA58CC00DECF78 /* Release */ = {
			isa = XCBuildConfiguration;
			buildSettings = {
				ASSETCATALOG_COMPILER_APPICON_NAME = AppIcon;
				FRAMEWORK_SEARCH_PATHS = (
					"$(inherited)",
					"$(PROJECT_DIR)/Build/Products/Debug-iphoneos",
					"$(PROJECT_DIR)/Build/Products/Debug-iphonesimulator",
				);
				INFOPLIST_FILE = AppShell/Info.plist;
				IPHONEOS_DEPLOYMENT_TARGET = 8.1;
				LD_RUNPATH_SEARCH_PATHS = "$(inherited) @executable_path/Frameworks";
				PRODUCT_NAME = "$(TARGET_NAME)";
			};
			name = Release;
		};
/* End XCBuildConfiguration section */

/* Begin XCConfigurationList section */
		AB603B9319EA58CB00DECF78 /* Build configuration list for PBXProject "AppShell" */ = {
			isa = XCConfigurationList;
			buildConfigurations = (
				AB603BB519EA58CC00DECF78 /* Debug */,
				AB603BB619EA58CC00DECF78 /* Release */,
			);
			defaultConfigurationIsVisible = 0;
			defaultConfigurationName = Release;
		};
		AB603BB719EA58CC00DECF78 /* Build configuration list for PBXNativeTarget "AppShell" */ = {
			isa = XCConfigurationList;
			buildConfigurations = (
				AB603BB819EA58CC00DECF78 /* Debug */,
				AB603BB919EA58CC00DECF78 /* Release */,
			);
			defaultConfigurationIsVisible = 0;
			defaultConfigurationName = Release;
		};
/* End XCConfigurationList section */
	};
	rootObject = AB603B9019EA58CB00DECF78 /* Project object */;
}
