// !$*UTF8*$!
{
	archiveVersion = 1;
	classes = {
	};
	objectVersion = 46;
	objects = {

/* Begin PBXBuildFile section */
		AB3D6B341A790D5C00FFA82A /* sample-file in CopyFiles */ = {isa = PBXBuildFile; fileRef = AB3D6B331A790D5C00FFA82A /* sample-file */; };
		AB887EF61AC69D8600ADC77B /* CordovaViewController.swift in Sources */ = {isa = PBXBuildFile; fileRef = AB887EF51AC69D8600ADC77B /* CordovaViewController.swift */; };
		ABAB76881A47C6E700E392B6 /* CDVAssetLibraryFilesystem.m in Sources */ = {isa = PBXBuildFile; fileRef = ABAB76831A47C6E700E392B6 /* CDVAssetLibraryFilesystem.m */; };
		ABAB76891A47C6E700E392B6 /* CDVFile.m in Sources */ = {isa = PBXBuildFile; fileRef = ABAB76851A47C6E700E392B6 /* CDVFile.m */; };
		ABAB768A1A47C6E700E392B6 /* CDVLocalFilesystem.m in Sources */ = {isa = PBXBuildFile; fileRef = ABAB76871A47C6E700E392B6 /* CDVLocalFilesystem.m */; };
		ABAB76A41A47EA5A00E392B6 /* www in Resources */ = {isa = PBXBuildFile; fileRef = ABAB76A31A47EA5A00E392B6 /* www */; };
		ABB3F4D91AE344C200CF5C9B /* Cordova.framework in Frameworks */ = {isa = PBXBuildFile; fileRef = ABB3F4D01AE3449700CF5C9B /* Cordova.framework */; };
		ABB3F4DA1AE344C200CF5C9B /* Cordova.framework in Embed Frameworks */ = {isa = PBXBuildFile; fileRef = ABB3F4D01AE3449700CF5C9B /* Cordova.framework */; settings = {ATTRIBUTES = (CodeSignOnCopy, RemoveHeadersOnCopy, ); }; };
		ABB8B2771A78D1AE00332E72 /* Images.xcassets in Resources */ = {isa = PBXBuildFile; fileRef = ABB8B2761A78D1AE00332E72 /* Images.xcassets */; };
		ABC88A9E1A51498C0051257C /* CDVSplashScreen.m in Sources */ = {isa = PBXBuildFile; fileRef = ABC88A9D1A51498C0051257C /* CDVSplashScreen.m */; };
		ABF122141A6E708200B15F5B /* manifest.plist in Resources */ = {isa = PBXBuildFile; fileRef = ABF122131A6E708200B15F5B /* manifest.plist */; };
		ABF122171A6E709A00B15F5B /* AppDelegate.swift in Sources */ = {isa = PBXBuildFile; fileRef = ABF122151A6E709A00B15F5B /* AppDelegate.swift */; };
		ABF1221B1A6E70AA00B15F5B /* Main.storyboard in Resources */ = {isa = PBXBuildFile; fileRef = ABF122191A6E70AA00B15F5B /* Main.storyboard */; };
/* End PBXBuildFile section */

/* Begin PBXContainerItemProxy section */
		ABAB766C1A47BEF500E392B6 /* PBXContainerItemProxy */ = {
			isa = PBXContainerItemProxy;
			containerPortal = ABAB764E1A47BEF500E392B6 /* Project object */;
			proxyType = 1;
			remoteGlobalIDString = ABAB76551A47BEF500E392B6;
			remoteInfo = CordovaPluginFileDemo;
		};
		ABB3F4C61AE3448500CF5C9B /* PBXContainerItemProxy */ = {
			isa = PBXContainerItemProxy;
			containerPortal = ABB3F4C11AE3448500CF5C9B /* XWalkView.xcodeproj */;
			proxyType = 2;
			remoteGlobalIDString = EE62683519FA323900EFC3F8;
			remoteInfo = XWalkView;
		};
		ABB3F4C81AE3448500CF5C9B /* PBXContainerItemProxy */ = {
			isa = PBXContainerItemProxy;
			containerPortal = ABB3F4C11AE3448500CF5C9B /* XWalkView.xcodeproj */;
			proxyType = 2;
			remoteGlobalIDString = AB023EA01A8C506600580A2A;
			remoteInfo = XWalkViewTests;
		};
		ABB3F4CF1AE3449700CF5C9B /* PBXContainerItemProxy */ = {
			isa = PBXContainerItemProxy;
			containerPortal = ABB3F4CA1AE3449700CF5C9B /* Cordova.xcodeproj */;
			proxyType = 2;
			remoteGlobalIDString = AB81C99C1A67AB00008E5808;
			remoteInfo = Cordova;
		};
		ABB3F4D11AE3449700CF5C9B /* PBXContainerItemProxy */ = {
			isa = PBXContainerItemProxy;
			containerPortal = ABB3F4CA1AE3449700CF5C9B /* Cordova.xcodeproj */;
			proxyType = 2;
			remoteGlobalIDString = AB81C9A71A67AB00008E5808;
			remoteInfo = CordovaTests;
		};
		ABB3F4DB1AE344C200CF5C9B /* PBXContainerItemProxy */ = {
			isa = PBXContainerItemProxy;
			containerPortal = ABB3F4CA1AE3449700CF5C9B /* Cordova.xcodeproj */;
			proxyType = 1;
			remoteGlobalIDString = AB81C99B1A67AB00008E5808;
			remoteInfo = Cordova;
		};
		ABB3F4DE1AE344E900CF5C9B /* PBXContainerItemProxy */ = {
			isa = PBXContainerItemProxy;
			containerPortal = ABB3F4C11AE3448500CF5C9B /* XWalkView.xcodeproj */;
			proxyType = 1;
			remoteGlobalIDString = EE62683419FA323900EFC3F8;
			remoteInfo = XWalkView;
		};
/* End PBXContainerItemProxy section */

/* Begin PBXCopyFilesBuildPhase section */
		AB3D6AFC1A790CE700FFA82A /* CopyFiles */ = {
			isa = PBXCopyFilesBuildPhase;
			buildActionMask = 12;
			dstPath = www;
			dstSubfolderSpec = 7;
			files = (
				AB3D6B341A790D5C00FFA82A /* sample-file in CopyFiles */,
			);
			runOnlyForDeploymentPostprocessing = 0;
		};
		ABB3F4DD1AE344C200CF5C9B /* Embed Frameworks */ = {
			isa = PBXCopyFilesBuildPhase;
			buildActionMask = 2147483647;
			dstPath = "";
			dstSubfolderSpec = 10;
			files = (
				ABB3F4DA1AE344C200CF5C9B /* Cordova.framework in Embed Frameworks */,
			);
			name = "Embed Frameworks";
			runOnlyForDeploymentPostprocessing = 0;
		};
/* End PBXCopyFilesBuildPhase section */

/* Begin PBXFileReference section */
		AB3D6B331A790D5C00FFA82A /* sample-file */ = {isa = PBXFileReference; lastKnownFileType = folder; name = "sample-file"; path = "../../../third-party/Icenium/sample-file"; sourceTree = "<group>"; };
		AB887EF51AC69D8600ADC77B /* CordovaViewController.swift */ = {isa = PBXFileReference; fileEncoding = 4; lastKnownFileType = sourcecode.swift; name = CordovaViewController.swift; path = ../../../../AppShell/AppShell/CordovaViewController.swift; sourceTree = "<group>"; };
		ABAB76561A47BEF500E392B6 /* CordovaPluginFileDemo.app */ = {isa = PBXFileReference; explicitFileType = wrapper.application; includeInIndex = 0; path = CordovaPluginFileDemo.app; sourceTree = BUILT_PRODUCTS_DIR; };
		ABAB765A1A47BEF500E392B6 /* Info.plist */ = {isa = PBXFileReference; lastKnownFileType = text.plist.xml; path = Info.plist; sourceTree = "<group>"; };
		ABAB76821A47C6E700E392B6 /* CDVAssetLibraryFilesystem.h */ = {isa = PBXFileReference; fileEncoding = 4; lastKnownFileType = sourcecode.c.h; path = CDVAssetLibraryFilesystem.h; sourceTree = "<group>"; };
		ABAB76831A47C6E700E392B6 /* CDVAssetLibraryFilesystem.m */ = {isa = PBXFileReference; fileEncoding = 4; lastKnownFileType = sourcecode.c.objc; path = CDVAssetLibraryFilesystem.m; sourceTree = "<group>"; };
		ABAB76841A47C6E700E392B6 /* CDVFile.h */ = {isa = PBXFileReference; fileEncoding = 4; lastKnownFileType = sourcecode.c.h; path = CDVFile.h; sourceTree = "<group>"; };
		ABAB76851A47C6E700E392B6 /* CDVFile.m */ = {isa = PBXFileReference; fileEncoding = 4; lastKnownFileType = sourcecode.c.objc; path = CDVFile.m; sourceTree = "<group>"; };
		ABAB76861A47C6E700E392B6 /* CDVLocalFilesystem.h */ = {isa = PBXFileReference; fileEncoding = 4; lastKnownFileType = sourcecode.c.h; path = CDVLocalFilesystem.h; sourceTree = "<group>"; };
		ABAB76871A47C6E700E392B6 /* CDVLocalFilesystem.m */ = {isa = PBXFileReference; fileEncoding = 4; lastKnownFileType = sourcecode.c.objc; path = CDVLocalFilesystem.m; sourceTree = "<group>"; };
		ABAB76A31A47EA5A00E392B6 /* www */ = {isa = PBXFileReference; lastKnownFileType = folder; name = www; path = CordovaPluginFileDemo/www; sourceTree = "<group>"; };
		ABB3F4C11AE3448500CF5C9B /* XWalkView.xcodeproj */ = {isa = PBXFileReference; lastKnownFileType = "wrapper.pb-project"; name = XWalkView.xcodeproj; path = ../../../XWalkView/XWalkView.xcodeproj; sourceTree = "<group>"; };
		ABB3F4CA1AE3449700CF5C9B /* Cordova.xcodeproj */ = {isa = PBXFileReference; lastKnownFileType = "wrapper.pb-project"; name = Cordova.xcodeproj; path = ../../../Cordova/Cordova.xcodeproj; sourceTree = "<group>"; };
		ABB8B2761A78D1AE00332E72 /* Images.xcassets */ = {isa = PBXFileReference; lastKnownFileType = folder.assetcatalog; name = Images.xcassets; path = ../../../../AppShell/AppShell/Images.xcassets; sourceTree = "<group>"; };
		ABC7AAEA1A7B488100865FE3 /* Cordova.framework */ = {isa = PBXFileReference; lastKnownFileType = wrapper.framework; name = Cordova.framework; path = "../Build/Products/Debug-iphoneos/Cordova.framework"; sourceTree = "<group>"; };
		ABC7AAEC1A7B488400865FE3 /* XWalkView.framework */ = {isa = PBXFileReference; lastKnownFileType = wrapper.framework; name = XWalkView.framework; path = "../Build/Products/Debug-iphoneos/XWalkView.framework"; sourceTree = "<group>"; };
		ABC88A9C1A51498C0051257C /* CDVSplashScreen.h */ = {isa = PBXFileReference; fileEncoding = 4; lastKnownFileType = sourcecode.c.h; path = CDVSplashScreen.h; sourceTree = "<group>"; };
		ABC88A9D1A51498C0051257C /* CDVSplashScreen.m */ = {isa = PBXFileReference; fileEncoding = 4; lastKnownFileType = sourcecode.c.objc; path = CDVSplashScreen.m; sourceTree = "<group>"; };
		ABF122131A6E708200B15F5B /* manifest.plist */ = {isa = PBXFileReference; fileEncoding = 4; lastKnownFileType = text.plist.xml; name = manifest.plist; path = ../manifest.plist; sourceTree = "<group>"; };
		ABF122151A6E709A00B15F5B /* AppDelegate.swift */ = {isa = PBXFileReference; fileEncoding = 4; lastKnownFileType = sourcecode.swift; name = AppDelegate.swift; path = ../../../../AppShell/AppShell/AppDelegate.swift; sourceTree = "<group>"; };
		ABF1221A1A6E70AA00B15F5B /* Base */ = {isa = PBXFileReference; lastKnownFileType = file.storyboard; name = Base; path = ../../../AppShell/AppShell/Base.lproj/Main.storyboard; sourceTree = "<group>"; };
/* End PBXFileReference section */

/* Begin PBXFrameworksBuildPhase section */
		ABAB76531A47BEF500E392B6 /* Frameworks */ = {
			isa = PBXFrameworksBuildPhase;
			buildActionMask = 2147483647;
			files = (
				ABB3F4D91AE344C200CF5C9B /* Cordova.framework in Frameworks */,
			);
			runOnlyForDeploymentPostprocessing = 0;
		};
		ABAB76681A47BEF500E392B6 /* Frameworks */ = {
			isa = PBXFrameworksBuildPhase;
			buildActionMask = 2147483647;
			files = (
			);
			runOnlyForDeploymentPostprocessing = 0;
		};
/* End PBXFrameworksBuildPhase section */

/* Begin PBXGroup section */
		ABAB764D1A47BEF500E392B6 = {
			isa = PBXGroup;
			children = (
				ABB3F4CA1AE3449700CF5C9B /* Cordova.xcodeproj */,
				ABB3F4C11AE3448500CF5C9B /* XWalkView.xcodeproj */,
				AB3D6B331A790D5C00FFA82A /* sample-file */,
				ABAB76A31A47EA5A00E392B6 /* www */,
				ABC7AAEE1A7B488800865FE3 /* Frameworks */,
				ABAB76581A47BEF500E392B6 /* CordovaPluginFileDemo */,
				ABAB76571A47BEF500E392B6 /* Products */,
			);
			sourceTree = "<group>";
		};
		ABAB76571A47BEF500E392B6 /* Products */ = {
			isa = PBXGroup;
			children = (
				ABAB76561A47BEF500E392B6 /* CordovaPluginFileDemo.app */,
			);
			name = Products;
			sourceTree = "<group>";
		};
		ABAB76581A47BEF500E392B6 /* CordovaPluginFileDemo */ = {
			isa = PBXGroup;
			children = (
				ABB8B2761A78D1AE00332E72 /* Images.xcassets */,
				ABF122191A6E70AA00B15F5B /* Main.storyboard */,
				ABF122151A6E709A00B15F5B /* AppDelegate.swift */,
				AB887EF51AC69D8600ADC77B /* CordovaViewController.swift */,
				ABAB768B1A47C6EE00E392B6 /* Plugins */,
				ABAB76591A47BEF500E392B6 /* Supporting Files */,
			);
			path = CordovaPluginFileDemo;
			sourceTree = "<group>";
		};
		ABAB76591A47BEF500E392B6 /* Supporting Files */ = {
			isa = PBXGroup;
			children = (
				ABF122131A6E708200B15F5B /* manifest.plist */,
				ABAB765A1A47BEF500E392B6 /* Info.plist */,
			);
			name = "Supporting Files";
			sourceTree = "<group>";
		};
		ABAB768B1A47C6EE00E392B6 /* Plugins */ = {
			isa = PBXGroup;
			children = (
				ABC88A9F1A5149920051257C /* org.apache.cordova.splashscreen */,
				ABAB768C1A47C6FA00E392B6 /* org.apache.cordova.file */,
			);
			path = Plugins;
			sourceTree = "<group>";
		};
		ABAB768C1A47C6FA00E392B6 /* org.apache.cordova.file */ = {
			isa = PBXGroup;
			children = (
				ABAB76821A47C6E700E392B6 /* CDVAssetLibraryFilesystem.h */,
				ABAB76831A47C6E700E392B6 /* CDVAssetLibraryFilesystem.m */,
				ABAB76841A47C6E700E392B6 /* CDVFile.h */,
				ABAB76851A47C6E700E392B6 /* CDVFile.m */,
				ABAB76861A47C6E700E392B6 /* CDVLocalFilesystem.h */,
				ABAB76871A47C6E700E392B6 /* CDVLocalFilesystem.m */,
			);
			path = org.apache.cordova.file;
			sourceTree = "<group>";
		};
		ABB3F4C21AE3448500CF5C9B /* Products */ = {
			isa = PBXGroup;
			children = (
				ABB3F4C71AE3448500CF5C9B /* XWalkView.framework */,
				ABB3F4C91AE3448500CF5C9B /* XWalkViewTests.xctest */,
			);
			name = Products;
			sourceTree = "<group>";
		};
		ABB3F4CB1AE3449700CF5C9B /* Products */ = {
			isa = PBXGroup;
			children = (
				ABB3F4D01AE3449700CF5C9B /* Cordova.framework */,
				ABB3F4D21AE3449700CF5C9B /* CordovaTests.xctest */,
			);
			name = Products;
			sourceTree = "<group>";
		};
		ABC7AAEE1A7B488800865FE3 /* Frameworks */ = {
			isa = PBXGroup;
			children = (
				ABC7AAEC1A7B488400865FE3 /* XWalkView.framework */,
				ABC7AAEA1A7B488100865FE3 /* Cordova.framework */,
			);
			name = Frameworks;
			sourceTree = "<group>";
		};
		ABC88A9F1A5149920051257C /* org.apache.cordova.splashscreen */ = {
			isa = PBXGroup;
			children = (
				ABC88A9C1A51498C0051257C /* CDVSplashScreen.h */,
				ABC88A9D1A51498C0051257C /* CDVSplashScreen.m */,
			);
			path = org.apache.cordova.splashscreen;
			sourceTree = "<group>";
		};
/* End PBXGroup section */

/* Begin PBXNativeTarget section */
		ABAB76551A47BEF500E392B6 /* CordovaPluginFileDemo */ = {
			isa = PBXNativeTarget;
			buildConfigurationList = ABAB76751A47BEF500E392B6 /* Build configuration list for PBXNativeTarget "CordovaPluginFileDemo" */;
			buildPhases = (
				ABAB76521A47BEF500E392B6 /* Sources */,
				ABAB76531A47BEF500E392B6 /* Frameworks */,
				ABAB76541A47BEF500E392B6 /* Resources */,
				AB3D6AFC1A790CE700FFA82A /* CopyFiles */,
				ABB3F4DD1AE344C200CF5C9B /* Embed Frameworks */,
			);
			buildRules = (
			);
			dependencies = (
				ABB3F4DF1AE344E900CF5C9B /* PBXTargetDependency */,
				ABB3F4DC1AE344C200CF5C9B /* PBXTargetDependency */,
			);
			name = CordovaPluginFileDemo;
			productName = CordovaPluginFileDemo;
			productReference = ABAB76561A47BEF500E392B6 /* CordovaPluginFileDemo.app */;
			productType = "com.apple.product-type.application";
		};
/* End PBXNativeTarget section */

/* Begin PBXProject section */
		ABAB764E1A47BEF500E392B6 /* Project object */ = {
			isa = PBXProject;
			attributes = {
				LastUpgradeCheck = 0610;
				ORGANIZATIONNAME = Crosswalk;
				TargetAttributes = {
					ABAB76551A47BEF500E392B6 = {
						CreatedOnToolsVersion = 6.1;
					};
					ABAB766A1A47BEF500E392B6 = {
						CreatedOnToolsVersion = 6.1;
						TestTargetID = ABAB76551A47BEF500E392B6;
					};
				};
			};
			buildConfigurationList = ABAB76511A47BEF500E392B6 /* Build configuration list for PBXProject "CordovaPluginFileDemo" */;
			compatibilityVersion = "Xcode 3.2";
			developmentRegion = English;
			hasScannedForEncodings = 0;
			knownRegions = (
				en,
				Base,
			);
			mainGroup = ABAB764D1A47BEF500E392B6;
			productRefGroup = ABAB76571A47BEF500E392B6 /* Products */;
			projectDirPath = "";
			projectReferences = (
				{
					ProductGroup = ABB3F4CB1AE3449700CF5C9B /* Products */;
					ProjectRef = ABB3F4CA1AE3449700CF5C9B /* Cordova.xcodeproj */;
				},
				{
					ProductGroup = ABB3F4C21AE3448500CF5C9B /* Products */;
					ProjectRef = ABB3F4C11AE3448500CF5C9B /* XWalkView.xcodeproj */;
				},
			);
			projectRoot = "";
			targets = (
				ABAB76551A47BEF500E392B6 /* CordovaPluginFileDemo */,
			);
		};
/* End PBXProject section */

/* Begin PBXReferenceProxy section */
		ABB3F4C71AE3448500CF5C9B /* XWalkView.framework */ = {
			isa = PBXReferenceProxy;
			fileType = wrapper.framework;
			path = XWalkView.framework;
			remoteRef = ABB3F4C61AE3448500CF5C9B /* PBXContainerItemProxy */;
			sourceTree = BUILT_PRODUCTS_DIR;
		};
		ABB3F4C91AE3448500CF5C9B /* XWalkViewTests.xctest */ = {
			isa = PBXReferenceProxy;
			fileType = wrapper.cfbundle;
			path = XWalkViewTests.xctest;
			remoteRef = ABB3F4C81AE3448500CF5C9B /* PBXContainerItemProxy */;
			sourceTree = BUILT_PRODUCTS_DIR;
		};
		ABB3F4D01AE3449700CF5C9B /* Cordova.framework */ = {
			isa = PBXReferenceProxy;
			fileType = wrapper.framework;
			path = Cordova.framework;
			remoteRef = ABB3F4CF1AE3449700CF5C9B /* PBXContainerItemProxy */;
			sourceTree = BUILT_PRODUCTS_DIR;
		};
		ABB3F4D21AE3449700CF5C9B /* CordovaTests.xctest */ = {
			isa = PBXReferenceProxy;
			fileType = wrapper.cfbundle;
			path = CordovaTests.xctest;
			remoteRef = ABB3F4D11AE3449700CF5C9B /* PBXContainerItemProxy */;
			sourceTree = BUILT_PRODUCTS_DIR;
		};
/* End PBXReferenceProxy section */

/* Begin PBXResourcesBuildPhase section */
		ABAB76541A47BEF500E392B6 /* Resources */ = {
			isa = PBXResourcesBuildPhase;
			buildActionMask = 2147483647;
			files = (
				ABAB76A41A47EA5A00E392B6 /* www in Resources */,
				ABB8B2771A78D1AE00332E72 /* Images.xcassets in Resources */,
				ABF122141A6E708200B15F5B /* manifest.plist in Resources */,
				ABF1221B1A6E70AA00B15F5B /* Main.storyboard in Resources */,
			);
			runOnlyForDeploymentPostprocessing = 0;
		};
		ABAB76691A47BEF500E392B6 /* Resources */ = {
			isa = PBXResourcesBuildPhase;
			buildActionMask = 2147483647;
			files = (
			);
			runOnlyForDeploymentPostprocessing = 0;
		};
/* End PBXResourcesBuildPhase section */

/* Begin PBXSourcesBuildPhase section */
		ABAB76521A47BEF500E392B6 /* Sources */ = {
			isa = PBXSourcesBuildPhase;
			buildActionMask = 2147483647;
			files = (
				ABC88A9E1A51498C0051257C /* CDVSplashScreen.m in Sources */,
				ABAB76891A47C6E700E392B6 /* CDVFile.m in Sources */,
				ABAB768A1A47C6E700E392B6 /* CDVLocalFilesystem.m in Sources */,
				AB887EF61AC69D8600ADC77B /* CordovaViewController.swift in Sources */,
				ABF122171A6E709A00B15F5B /* AppDelegate.swift in Sources */,
				ABAB76881A47C6E700E392B6 /* CDVAssetLibraryFilesystem.m in Sources */,
			);
			runOnlyForDeploymentPostprocessing = 0;
		};
		ABAB76671A47BEF500E392B6 /* Sources */ = {
			isa = PBXSourcesBuildPhase;
			buildActionMask = 2147483647;
			files = (
			);
			runOnlyForDeploymentPostprocessing = 0;
		};
/* End PBXSourcesBuildPhase section */

/* Begin PBXTargetDependency section */
		ABAB766D1A47BEF500E392B6 /* PBXTargetDependency */ = {
			isa = PBXTargetDependency;
			target = ABAB76551A47BEF500E392B6 /* CordovaPluginFileDemo */;
			targetProxy = ABAB766C1A47BEF500E392B6 /* PBXContainerItemProxy */;
		};
		ABB3F4DC1AE344C200CF5C9B /* PBXTargetDependency */ = {
			isa = PBXTargetDependency;
			name = Cordova;
			targetProxy = ABB3F4DB1AE344C200CF5C9B /* PBXContainerItemProxy */;
		};
		ABB3F4DF1AE344E900CF5C9B /* PBXTargetDependency */ = {
			isa = PBXTargetDependency;
			name = XWalkView;
			targetProxy = ABB3F4DE1AE344E900CF5C9B /* PBXContainerItemProxy */;
		};
/* End PBXTargetDependency section */

/* Begin PBXVariantGroup section */
		ABF122191A6E70AA00B15F5B /* Main.storyboard */ = {
			isa = PBXVariantGroup;
			children = (
				ABF1221A1A6E70AA00B15F5B /* Base */,
			);
			name = Main.storyboard;
			path = ..;
			sourceTree = "<group>";
		};
/* End PBXVariantGroup section */

/* Begin XCBuildConfiguration section */
		ABAB76731A47BEF500E392B6 /* Debug */ = {
			isa = XCBuildConfiguration;
			buildSettings = {
				ALWAYS_SEARCH_USER_PATHS = NO;
				CLANG_CXX_LANGUAGE_STANDARD = "gnu++0x";
				CLANG_CXX_LIBRARY = "libc++";
				CLANG_ENABLE_MODULES = YES;
				CLANG_ENABLE_OBJC_ARC = YES;
				CLANG_WARN_BOOL_CONVERSION = YES;
				CLANG_WARN_CONSTANT_CONVERSION = YES;
				CLANG_WARN_DIRECT_OBJC_ISA_USAGE = YES_ERROR;
				CLANG_WARN_EMPTY_BODY = YES;
				CLANG_WARN_ENUM_CONVERSION = YES;
				CLANG_WARN_INT_CONVERSION = YES;
				CLANG_WARN_OBJC_ROOT_CLASS = YES_ERROR;
				CLANG_WARN_UNREACHABLE_CODE = YES;
				CLANG_WARN__DUPLICATE_METHOD_MATCH = YES;
				"CODE_SIGN_IDENTITY[sdk=iphoneos*]" = "iPhone Developer";
				COPY_PHASE_STRIP = NO;
				ENABLE_STRICT_OBJC_MSGSEND = YES;
				GCC_C_LANGUAGE_STANDARD = gnu99;
				GCC_DYNAMIC_NO_PIC = NO;
				GCC_OPTIMIZATION_LEVEL = 0;
				GCC_PREPROCESSOR_DEFINITIONS = (
					"DEBUG=1",
					"$(inherited)",
				);
				GCC_SYMBOLS_PRIVATE_EXTERN = NO;
				GCC_WARN_64_TO_32_BIT_CONVERSION = YES;
				GCC_WARN_ABOUT_RETURN_TYPE = YES_ERROR;
				GCC_WARN_UNDECLARED_SELECTOR = YES;
				GCC_WARN_UNINITIALIZED_AUTOS = YES_AGGRESSIVE;
				GCC_WARN_UNUSED_FUNCTION = YES;
				GCC_WARN_UNUSED_VARIABLE = YES;
				IPHONEOS_DEPLOYMENT_TARGET = 8.1;
				MTL_ENABLE_DEBUG_INFO = YES;
				ONLY_ACTIVE_ARCH = YES;
				SDKROOT = iphoneos;
				SWIFT_OPTIMIZATION_LEVEL = "-Onone";
				TARGETED_DEVICE_FAMILY = "1,2";
			};
			name = Debug;
		};
		ABAB76741A47BEF500E392B6 /* Release */ = {
			isa = XCBuildConfiguration;
			buildSettings = {
				ALWAYS_SEARCH_USER_PATHS = NO;
				CLANG_CXX_LANGUAGE_STANDARD = "gnu++0x";
				CLANG_CXX_LIBRARY = "libc++";
				CLANG_ENABLE_MODULES = YES;
				CLANG_ENABLE_OBJC_ARC = YES;
				CLANG_WARN_BOOL_CONVERSION = YES;
				CLANG_WARN_CONSTANT_CONVERSION = YES;
				CLANG_WARN_DIRECT_OBJC_ISA_USAGE = YES_ERROR;
				CLANG_WARN_EMPTY_BODY = YES;
				CLANG_WARN_ENUM_CONVERSION = YES;
				CLANG_WARN_INT_CONVERSION = YES;
				CLANG_WARN_OBJC_ROOT_CLASS = YES_ERROR;
				CLANG_WARN_UNREACHABLE_CODE = YES;
				CLANG_WARN__DUPLICATE_METHOD_MATCH = YES;
				"CODE_SIGN_IDENTITY[sdk=iphoneos*]" = "iPhone Developer";
				COPY_PHASE_STRIP = YES;
				ENABLE_NS_ASSERTIONS = NO;
				ENABLE_STRICT_OBJC_MSGSEND = YES;
				GCC_C_LANGUAGE_STANDARD = gnu99;
				GCC_WARN_64_TO_32_BIT_CONVERSION = YES;
				GCC_WARN_ABOUT_RETURN_TYPE = YES_ERROR;
				GCC_WARN_UNDECLARED_SELECTOR = YES;
				GCC_WARN_UNINITIALIZED_AUTOS = YES_AGGRESSIVE;
				GCC_WARN_UNUSED_FUNCTION = YES;
				GCC_WARN_UNUSED_VARIABLE = YES;
				IPHONEOS_DEPLOYMENT_TARGET = 8.1;
				MTL_ENABLE_DEBUG_INFO = NO;
				SDKROOT = iphoneos;
				TARGETED_DEVICE_FAMILY = "1,2";
				VALIDATE_PRODUCT = YES;
			};
			name = Release;
		};
		ABAB76761A47BEF500E392B6 /* Debug */ = {
			isa = XCBuildConfiguration;
			buildSettings = {
				ASSETCATALOG_COMPILER_APPICON_NAME = AppIcon;
				INFOPLIST_FILE = CordovaPluginFileDemo/Info.plist;
				LD_RUNPATH_SEARCH_PATHS = "$(inherited) @executable_path/Frameworks";
				PRODUCT_NAME = "$(TARGET_NAME)";
			};
			name = Debug;
		};
		ABAB76771A47BEF500E392B6 /* Release */ = {
			isa = XCBuildConfiguration;
			buildSettings = {
				ASSETCATALOG_COMPILER_APPICON_NAME = AppIcon;
				INFOPLIST_FILE = CordovaPluginFileDemo/Info.plist;
				LD_RUNPATH_SEARCH_PATHS = "$(inherited) @executable_path/Frameworks";
				PRODUCT_NAME = "$(TARGET_NAME)";
			};
			name = Release;
		};
/* End XCBuildConfiguration section */

/* Begin XCConfigurationList section */
		ABAB76511A47BEF500E392B6 /* Build configuration list for PBXProject "CordovaPluginFileDemo" */ = {
			isa = XCConfigurationList;
			buildConfigurations = (
				ABAB76731A47BEF500E392B6 /* Debug */,
				ABAB76741A47BEF500E392B6 /* Release */,
			);
			defaultConfigurationIsVisible = 0;
			defaultConfigurationName = Release;
		};
		ABAB76751A47BEF500E392B6 /* Build configuration list for PBXNativeTarget "CordovaPluginFileDemo" */ = {
			isa = XCConfigurationList;
			buildConfigurations = (
				ABAB76761A47BEF500E392B6 /* Debug */,
				ABAB76771A47BEF500E392B6 /* Release */,
			);
			defaultConfigurationIsVisible = 0;
			defaultConfigurationName = Release;
		};
/* End XCConfigurationList section */
	};
	rootObject = ABAB764E1A47BEF500E392B6 /* Project object */;
}
