// !$*UTF8*$!
{
	archiveVersion = 1;
	classes = {
	};
	objectVersion = 46;
	objects = {

/* Begin PBXBuildFile section */
		AB0010D71AC4F57700DA5038 /* CordovaViewController.swift in Sources */ = {isa = PBXBuildFile; fileRef = AB0010D61AC4F57700DA5038 /* CordovaViewController.swift */; };
		AB0010DD1AC5378900DA5038 /* Main.storyboard in Resources */ = {isa = PBXBuildFile; fileRef = AB0010DB1AC5378900DA5038 /* Main.storyboard */; };
		AB4CDD551A2701D4000841F5 /* CDVDevice.m in Sources */ = {isa = PBXBuildFile; fileRef = AB4CDD541A2701D4000841F5 /* CDVDevice.m */; };
		AB8DD0601AE2B2AB00CC6A67 /* Cordova.framework in Frameworks */ = {isa = PBXBuildFile; fileRef = AB8DD05B1AE2B1E000CC6A67 /* Cordova.framework */; };
		AB8DD0611AE2B2AB00CC6A67 /* Cordova.framework in Embed Frameworks */ = {isa = PBXBuildFile; fileRef = AB8DD05B1AE2B1E000CC6A67 /* Cordova.framework */; settings = {ATTRIBUTES = (CodeSignOnCopy, RemoveHeadersOnCopy, ); }; };
		ABB8B2751A78CDC900332E72 /* Images.xcassets in Resources */ = {isa = PBXBuildFile; fileRef = ABB8B2741A78CDC900332E72 /* Images.xcassets */; };
		ABCAC35E1A359C89008C4501 /* www in Resources */ = {isa = PBXBuildFile; fileRef = ABCAC35D1A359C89008C4501 /* www */; };
		ABF1220C1A6E6ACA00B15F5B /* AppDelegate.swift in Sources */ = {isa = PBXBuildFile; fileRef = ABF1220A1A6E6ACA00B15F5B /* AppDelegate.swift */; };
		ABF122121A6E6D9800B15F5B /* manifest.plist in Resources */ = {isa = PBXBuildFile; fileRef = ABF122111A6E6D9800B15F5B /* manifest.plist */; };
/* End PBXBuildFile section */

/* Begin PBXContainerItemProxy section */
		AB4CDD431A27001D000841F5 /* PBXContainerItemProxy */ = {
			isa = PBXContainerItemProxy;
			containerPortal = AB4CDD211A27001D000841F5 /* Project object */;
			proxyType = 1;
			remoteGlobalIDString = AB4CDD281A27001D000841F5;
			remoteInfo = CordovaPluginDeviceDemo;
		};
		AB8DD0491AE2B0BE00CC6A67 /* PBXContainerItemProxy */ = {
			isa = PBXContainerItemProxy;
			containerPortal = AB8DD0441AE2B0BD00CC6A67 /* XWalkView.xcodeproj */;
			proxyType = 2;
			remoteGlobalIDString = EE62683519FA323900EFC3F8;
			remoteInfo = XWalkView;
		};
		AB8DD04B1AE2B0BE00CC6A67 /* PBXContainerItemProxy */ = {
			isa = PBXContainerItemProxy;
			containerPortal = AB8DD0441AE2B0BD00CC6A67 /* XWalkView.xcodeproj */;
			proxyType = 2;
			remoteGlobalIDString = AB023EA01A8C506600580A2A;
			remoteInfo = XWalkViewTests;
		};
		AB8DD05A1AE2B1E000CC6A67 /* PBXContainerItemProxy */ = {
			isa = PBXContainerItemProxy;
			containerPortal = AB8DD0551AE2B1E000CC6A67 /* Cordova.xcodeproj */;
			proxyType = 2;
			remoteGlobalIDString = AB81C99C1A67AB00008E5808;
			remoteInfo = Cordova;
		};
		AB8DD05C1AE2B1E000CC6A67 /* PBXContainerItemProxy */ = {
			isa = PBXContainerItemProxy;
			containerPortal = AB8DD0551AE2B1E000CC6A67 /* Cordova.xcodeproj */;
			proxyType = 2;
			remoteGlobalIDString = AB81C9A71A67AB00008E5808;
			remoteInfo = CordovaTests;
		};
		AB8DD0621AE2B2AB00CC6A67 /* PBXContainerItemProxy */ = {
			isa = PBXContainerItemProxy;
			containerPortal = AB8DD0551AE2B1E000CC6A67 /* Cordova.xcodeproj */;
			proxyType = 1;
			remoteGlobalIDString = AB81C99B1A67AB00008E5808;
			remoteInfo = Cordova;
		};
		AB8DD0651AE2B2B500CC6A67 /* PBXContainerItemProxy */ = {
			isa = PBXContainerItemProxy;
			containerPortal = AB8DD0441AE2B0BD00CC6A67 /* XWalkView.xcodeproj */;
			proxyType = 1;
			remoteGlobalIDString = EE62683419FA323900EFC3F8;
			remoteInfo = XWalkView;
		};
/* End PBXContainerItemProxy section */

/* Begin PBXCopyFilesBuildPhase section */
		AB8DD0641AE2B2AB00CC6A67 /* Embed Frameworks */ = {
			isa = PBXCopyFilesBuildPhase;
			buildActionMask = 2147483647;
			dstPath = "";
			dstSubfolderSpec = 10;
			files = (
				AB8DD0611AE2B2AB00CC6A67 /* Cordova.framework in Embed Frameworks */,
			);
			name = "Embed Frameworks";
			runOnlyForDeploymentPostprocessing = 0;
		};
/* End PBXCopyFilesBuildPhase section */

/* Begin PBXFileReference section */
		AB0010D61AC4F57700DA5038 /* CordovaViewController.swift */ = {isa = PBXFileReference; fileEncoding = 4; lastKnownFileType = sourcecode.swift; name = CordovaViewController.swift; path = ../../../../AppShell/AppShell/CordovaViewController.swift; sourceTree = "<group>"; };
		AB0010DC1AC5378900DA5038 /* Base */ = {isa = PBXFileReference; lastKnownFileType = file.storyboard; name = Base; path = ../../../../AppShell/AppShell/Base.lproj/Main.storyboard; sourceTree = "<group>"; };
		AB4CDD291A27001D000841F5 /* CordovaPluginDeviceDemo.app */ = {isa = PBXFileReference; explicitFileType = wrapper.application; includeInIndex = 0; path = CordovaPluginDeviceDemo.app; sourceTree = BUILT_PRODUCTS_DIR; };
		AB4CDD2D1A27001D000841F5 /* Info.plist */ = {isa = PBXFileReference; lastKnownFileType = text.plist.xml; path = Info.plist; sourceTree = "<group>"; };
		AB4CDD531A2701D4000841F5 /* CDVDevice.h */ = {isa = PBXFileReference; fileEncoding = 4; lastKnownFileType = sourcecode.c.h; path = CDVDevice.h; sourceTree = "<group>"; };
		AB4CDD541A2701D4000841F5 /* CDVDevice.m */ = {isa = PBXFileReference; fileEncoding = 4; lastKnownFileType = sourcecode.c.objc; path = CDVDevice.m; sourceTree = "<group>"; };
		AB8DD0441AE2B0BD00CC6A67 /* XWalkView.xcodeproj */ = {isa = PBXFileReference; lastKnownFileType = "wrapper.pb-project"; name = XWalkView.xcodeproj; path = ../../../XWalkView/XWalkView.xcodeproj; sourceTree = "<group>"; };
		AB8DD0551AE2B1E000CC6A67 /* Cordova.xcodeproj */ = {isa = PBXFileReference; lastKnownFileType = "wrapper.pb-project"; name = Cordova.xcodeproj; path = ../../../Cordova/Cordova.xcodeproj; sourceTree = "<group>"; };
		ABB8B2741A78CDC900332E72 /* Images.xcassets */ = {isa = PBXFileReference; lastKnownFileType = folder.assetcatalog; name = Images.xcassets; path = ../../../../AppShell/AppShell/Images.xcassets; sourceTree = "<group>"; };
		ABC7AAE41A7B456E00865FE3 /* Cordova.framework */ = {isa = PBXFileReference; lastKnownFileType = wrapper.framework; name = Cordova.framework; path = "../Build/Products/Debug-iphoneos/Cordova.framework"; sourceTree = "<group>"; };
		ABC7AAE61A7B457100865FE3 /* XWalkView.framework */ = {isa = PBXFileReference; lastKnownFileType = wrapper.framework; name = XWalkView.framework; path = "../Build/Products/Debug-iphoneos/XWalkView.framework"; sourceTree = "<group>"; };
		ABCAC35D1A359C89008C4501 /* www */ = {isa = PBXFileReference; lastKnownFileType = folder; name = www; path = CordovaPluginDeviceDemo/www; sourceTree = "<group>"; };
		ABF1220A1A6E6ACA00B15F5B /* AppDelegate.swift */ = {isa = PBXFileReference; fileEncoding = 4; lastKnownFileType = sourcecode.swift; name = AppDelegate.swift; path = ../../../../AppShell/AppShell/AppDelegate.swift; sourceTree = "<group>"; };
		ABF122111A6E6D9800B15F5B /* manifest.plist */ = {isa = PBXFileReference; fileEncoding = 4; lastKnownFileType = text.plist.xml; name = manifest.plist; path = ../manifest.plist; sourceTree = "<group>"; };
/* End PBXFileReference section */

/* Begin PBXFrameworksBuildPhase section */
		AB4CDD261A27001D000841F5 /* Frameworks */ = {
			isa = PBXFrameworksBuildPhase;
			buildActionMask = 2147483647;
			files = (
				AB8DD0601AE2B2AB00CC6A67 /* Cordova.framework in Frameworks */,
			);
			runOnlyForDeploymentPostprocessing = 0;
		};
		AB4CDD3F1A27001D000841F5 /* Frameworks */ = {
			isa = PBXFrameworksBuildPhase;
			buildActionMask = 2147483647;
			files = (
			);
			runOnlyForDeploymentPostprocessing = 0;
		};
/* End PBXFrameworksBuildPhase section */

/* Begin PBXGroup section */
		AB4CDD201A27001D000841F5 = {
			isa = PBXGroup;
			children = (
				AB8DD0551AE2B1E000CC6A67 /* Cordova.xcodeproj */,
				AB8DD0441AE2B0BD00CC6A67 /* XWalkView.xcodeproj */,
				ABCAC35D1A359C89008C4501 /* www */,
				AB921FAC1A27134C00B5B253 /* Frameworks */,
				AB4CDD2B1A27001D000841F5 /* CordovaPluginDeviceDemo */,
				AB4CDD2A1A27001D000841F5 /* Products */,
			);
			sourceTree = "<group>";
		};
		AB4CDD2A1A27001D000841F5 /* Products */ = {
			isa = PBXGroup;
			children = (
				AB4CDD291A27001D000841F5 /* CordovaPluginDeviceDemo.app */,
			);
			name = Products;
			sourceTree = "<group>";
		};
		AB4CDD2B1A27001D000841F5 /* CordovaPluginDeviceDemo */ = {
			isa = PBXGroup;
			children = (
				AB0010DB1AC5378900DA5038 /* Main.storyboard */,
				ABB8B2741A78CDC900332E72 /* Images.xcassets */,
				ABF1220A1A6E6ACA00B15F5B /* AppDelegate.swift */,
				AB0010D61AC4F57700DA5038 /* CordovaViewController.swift */,
				AB4CDD531A2701D4000841F5 /* CDVDevice.h */,
				AB4CDD541A2701D4000841F5 /* CDVDevice.m */,
				AB4CDD2C1A27001D000841F5 /* Supporting Files */,
			);
			path = CordovaPluginDeviceDemo;
			sourceTree = "<group>";
		};
		AB4CDD2C1A27001D000841F5 /* Supporting Files */ = {
			isa = PBXGroup;
			children = (
				ABF122111A6E6D9800B15F5B /* manifest.plist */,
				AB4CDD2D1A27001D000841F5 /* Info.plist */,
			);
			name = "Supporting Files";
			sourceTree = "<group>";
		};
		AB8DD0451AE2B0BD00CC6A67 /* Products */ = {
			isa = PBXGroup;
			children = (
				AB8DD04A1AE2B0BE00CC6A67 /* XWalkView.framework */,
				AB8DD04C1AE2B0BE00CC6A67 /* XWalkViewTests.xctest */,
			);
			name = Products;
			sourceTree = "<group>";
		};
		AB8DD0561AE2B1E000CC6A67 /* Products */ = {
			isa = PBXGroup;
			children = (
				AB8DD05B1AE2B1E000CC6A67 /* Cordova.framework */,
				AB8DD05D1AE2B1E000CC6A67 /* CordovaTests.xctest */,
			);
			name = Products;
			sourceTree = "<group>";
		};
		AB921FAC1A27134C00B5B253 /* Frameworks */ = {
			isa = PBXGroup;
			children = (
				ABC7AAE61A7B457100865FE3 /* XWalkView.framework */,
				ABC7AAE41A7B456E00865FE3 /* Cordova.framework */,
			);
			name = Frameworks;
			sourceTree = "<group>";
		};
/* End PBXGroup section */

/* Begin PBXNativeTarget section */
		AB4CDD281A27001D000841F5 /* CordovaPluginDeviceDemo */ = {
			isa = PBXNativeTarget;
			buildConfigurationList = AB4CDD4C1A27001D000841F5 /* Build configuration list for PBXNativeTarget "CordovaPluginDeviceDemo" */;
			buildPhases = (
				AB4CDD251A27001D000841F5 /* Sources */,
				AB4CDD261A27001D000841F5 /* Frameworks */,
				AB4CDD271A27001D000841F5 /* Resources */,
				AB8DD0641AE2B2AB00CC6A67 /* Embed Frameworks */,
			);
			buildRules = (
			);
			dependencies = (
				AB8DD0661AE2B2B500CC6A67 /* PBXTargetDependency */,
				AB8DD0631AE2B2AB00CC6A67 /* PBXTargetDependency */,
			);
			name = CordovaPluginDeviceDemo;
			productName = CordovaPluginDeviceDemo;
			productReference = AB4CDD291A27001D000841F5 /* CordovaPluginDeviceDemo.app */;
			productType = "com.apple.product-type.application";
		};
/* End PBXNativeTarget section */

/* Begin PBXProject section */
		AB4CDD211A27001D000841F5 /* Project object */ = {
			isa = PBXProject;
			attributes = {
				LastUpgradeCheck = 0610;
				ORGANIZATIONNAME = Crosswalk;
				TargetAttributes = {
					AB4CDD281A27001D000841F5 = {
						CreatedOnToolsVersion = 6.1;
					};
					AB4CDD411A27001D000841F5 = {
						CreatedOnToolsVersion = 6.1;
						TestTargetID = AB4CDD281A27001D000841F5;
					};
				};
			};
			buildConfigurationList = AB4CDD241A27001D000841F5 /* Build configuration list for PBXProject "CordovaPluginDeviceDemo" */;
			compatibilityVersion = "Xcode 3.2";
			developmentRegion = English;
			hasScannedForEncodings = 0;
			knownRegions = (
				en,
				Base,
			);
			mainGroup = AB4CDD201A27001D000841F5;
			productRefGroup = AB4CDD2A1A27001D000841F5 /* Products */;
			projectDirPath = "";
			projectReferences = (
				{
					ProductGroup = AB8DD0561AE2B1E000CC6A67 /* Products */;
					ProjectRef = AB8DD0551AE2B1E000CC6A67 /* Cordova.xcodeproj */;
				},
				{
					ProductGroup = AB8DD0451AE2B0BD00CC6A67 /* Products */;
					ProjectRef = AB8DD0441AE2B0BD00CC6A67 /* XWalkView.xcodeproj */;
				},
			);
			projectRoot = "";
			targets = (
				AB4CDD281A27001D000841F5 /* CordovaPluginDeviceDemo */,
			);
		};
/* End PBXProject section */

/* Begin PBXReferenceProxy section */
		AB8DD04A1AE2B0BE00CC6A67 /* XWalkView.framework */ = {
			isa = PBXReferenceProxy;
			fileType = wrapper.framework;
			path = XWalkView.framework;
			remoteRef = AB8DD0491AE2B0BE00CC6A67 /* PBXContainerItemProxy */;
			sourceTree = BUILT_PRODUCTS_DIR;
		};
		AB8DD04C1AE2B0BE00CC6A67 /* XWalkViewTests.xctest */ = {
			isa = PBXReferenceProxy;
			fileType = wrapper.cfbundle;
			path = XWalkViewTests.xctest;
			remoteRef = AB8DD04B1AE2B0BE00CC6A67 /* PBXContainerItemProxy */;
			sourceTree = BUILT_PRODUCTS_DIR;
		};
		AB8DD05B1AE2B1E000CC6A67 /* Cordova.framework */ = {
			isa = PBXReferenceProxy;
			fileType = wrapper.framework;
			path = Cordova.framework;
			remoteRef = AB8DD05A1AE2B1E000CC6A67 /* PBXContainerItemProxy */;
			sourceTree = BUILT_PRODUCTS_DIR;
		};
		AB8DD05D1AE2B1E000CC6A67 /* CordovaTests.xctest */ = {
			isa = PBXReferenceProxy;
			fileType = wrapper.cfbundle;
			path = CordovaTests.xctest;
			remoteRef = AB8DD05C1AE2B1E000CC6A67 /* PBXContainerItemProxy */;
			sourceTree = BUILT_PRODUCTS_DIR;
		};
/* End PBXReferenceProxy section */

/* Begin PBXResourcesBuildPhase section */
		AB4CDD271A27001D000841F5 /* Resources */ = {
			isa = PBXResourcesBuildPhase;
			buildActionMask = 2147483647;
			files = (
				ABB8B2751A78CDC900332E72 /* Images.xcassets in Resources */,
				ABCAC35E1A359C89008C4501 /* www in Resources */,
				ABF122121A6E6D9800B15F5B /* manifest.plist in Resources */,
				AB0010DD1AC5378900DA5038 /* Main.storyboard in Resources */,
			);
			runOnlyForDeploymentPostprocessing = 0;
		};
		AB4CDD401A27001D000841F5 /* Resources */ = {
			isa = PBXResourcesBuildPhase;
			buildActionMask = 2147483647;
			files = (
			);
			runOnlyForDeploymentPostprocessing = 0;
		};
/* End PBXResourcesBuildPhase section */

/* Begin PBXSourcesBuildPhase section */
		AB4CDD251A27001D000841F5 /* Sources */ = {
			isa = PBXSourcesBuildPhase;
			buildActionMask = 2147483647;
			files = (
				ABF1220C1A6E6ACA00B15F5B /* AppDelegate.swift in Sources */,
				AB0010D71AC4F57700DA5038 /* CordovaViewController.swift in Sources */,
				AB4CDD551A2701D4000841F5 /* CDVDevice.m in Sources */,
			);
			runOnlyForDeploymentPostprocessing = 0;
		};
		AB4CDD3E1A27001D000841F5 /* Sources */ = {
			isa = PBXSourcesBuildPhase;
			buildActionMask = 2147483647;
			files = (
			);
			runOnlyForDeploymentPostprocessing = 0;
		};
/* End PBXSourcesBuildPhase section */

/* Begin PBXTargetDependency section */
		AB4CDD441A27001D000841F5 /* PBXTargetDependency */ = {
			isa = PBXTargetDependency;
			target = AB4CDD281A27001D000841F5 /* CordovaPluginDeviceDemo */;
			targetProxy = AB4CDD431A27001D000841F5 /* PBXContainerItemProxy */;
		};
		AB8DD0631AE2B2AB00CC6A67 /* PBXTargetDependency */ = {
			isa = PBXTargetDependency;
			name = Cordova;
			targetProxy = AB8DD0621AE2B2AB00CC6A67 /* PBXContainerItemProxy */;
		};
		AB8DD0661AE2B2B500CC6A67 /* PBXTargetDependency */ = {
			isa = PBXTargetDependency;
			name = XWalkView;
			targetProxy = AB8DD0651AE2B2B500CC6A67 /* PBXContainerItemProxy */;
		};
/* End PBXTargetDependency section */

/* Begin PBXVariantGroup section */
		AB0010DB1AC5378900DA5038 /* Main.storyboard */ = {
			isa = PBXVariantGroup;
			children = (
				AB0010DC1AC5378900DA5038 /* Base */,
			);
			name = Main.storyboard;
			sourceTree = "<group>";
		};
/* End PBXVariantGroup section */

/* Begin XCBuildConfiguration section */
		AB4CDD4A1A27001D000841F5 /* Debug */ = {
			isa = XCBuildConfiguration;
			buildSettings = {
				ALWAYS_SEARCH_USER_PATHS = NO;
				CLANG_CXX_LANGUAGE_STANDARD = "gnu++0x";
				CLANG_CXX_LIBRARY = "libc++";
				CLANG_ENABLE_MODULES = YES;
				CLANG_ENABLE_OBJC_ARC = YES;
				CLANG_WARN_BOOL_CONVERSION = YES;
				CLANG_WARN_CONSTANT_CONVERSION = YES;
				CLANG_WARN_DIRECT_OBJC_ISA_USAGE = YES_ERROR;
				CLANG_WARN_EMPTY_BODY = YES;
				CLANG_WARN_ENUM_CONVERSION = YES;
				CLANG_WARN_INT_CONVERSION = YES;
				CLANG_WARN_OBJC_ROOT_CLASS = YES_ERROR;
				CLANG_WARN_UNREACHABLE_CODE = YES;
				CLANG_WARN__DUPLICATE_METHOD_MATCH = YES;
				"CODE_SIGN_IDENTITY[sdk=iphoneos*]" = "iPhone Developer";
				COPY_PHASE_STRIP = NO;
				ENABLE_STRICT_OBJC_MSGSEND = YES;
				GCC_C_LANGUAGE_STANDARD = gnu99;
				GCC_DYNAMIC_NO_PIC = NO;
				GCC_OPTIMIZATION_LEVEL = 0;
				GCC_PREPROCESSOR_DEFINITIONS = (
					"DEBUG=1",
					"$(inherited)",
				);
				GCC_SYMBOLS_PRIVATE_EXTERN = NO;
				GCC_WARN_64_TO_32_BIT_CONVERSION = YES;
				GCC_WARN_ABOUT_RETURN_TYPE = YES_ERROR;
				GCC_WARN_UNDECLARED_SELECTOR = YES;
				GCC_WARN_UNINITIALIZED_AUTOS = YES_AGGRESSIVE;
				GCC_WARN_UNUSED_FUNCTION = YES;
				GCC_WARN_UNUSED_VARIABLE = YES;
				IPHONEOS_DEPLOYMENT_TARGET = 8.1;
				MTL_ENABLE_DEBUG_INFO = YES;
				ONLY_ACTIVE_ARCH = YES;
				SDKROOT = iphoneos;
			};
			name = Debug;
		};
		AB4CDD4B1A27001D000841F5 /* Release */ = {
			isa = XCBuildConfiguration;
			buildSettings = {
				ALWAYS_SEARCH_USER_PATHS = NO;
				CLANG_CXX_LANGUAGE_STANDARD = "gnu++0x";
				CLANG_CXX_LIBRARY = "libc++";
				CLANG_ENABLE_MODULES = YES;
				CLANG_ENABLE_OBJC_ARC = YES;
				CLANG_WARN_BOOL_CONVERSION = YES;
				CLANG_WARN_CONSTANT_CONVERSION = YES;
				CLANG_WARN_DIRECT_OBJC_ISA_USAGE = YES_ERROR;
				CLANG_WARN_EMPTY_BODY = YES;
				CLANG_WARN_ENUM_CONVERSION = YES;
				CLANG_WARN_INT_CONVERSION = YES;
				CLANG_WARN_OBJC_ROOT_CLASS = YES_ERROR;
				CLANG_WARN_UNREACHABLE_CODE = YES;
				CLANG_WARN__DUPLICATE_METHOD_MATCH = YES;
				"CODE_SIGN_IDENTITY[sdk=iphoneos*]" = "iPhone Developer";
				COPY_PHASE_STRIP = YES;
				ENABLE_NS_ASSERTIONS = NO;
				ENABLE_STRICT_OBJC_MSGSEND = YES;
				GCC_C_LANGUAGE_STANDARD = gnu99;
				GCC_WARN_64_TO_32_BIT_CONVERSION = YES;
				GCC_WARN_ABOUT_RETURN_TYPE = YES_ERROR;
				GCC_WARN_UNDECLARED_SELECTOR = YES;
				GCC_WARN_UNINITIALIZED_AUTOS = YES_AGGRESSIVE;
				GCC_WARN_UNUSED_FUNCTION = YES;
				GCC_WARN_UNUSED_VARIABLE = YES;
				IPHONEOS_DEPLOYMENT_TARGET = 8.1;
				MTL_ENABLE_DEBUG_INFO = NO;
				SDKROOT = iphoneos;
				VALIDATE_PRODUCT = YES;
			};
			name = Release;
		};
		AB4CDD4D1A27001D000841F5 /* Debug */ = {
			isa = XCBuildConfiguration;
			buildSettings = {
				ASSETCATALOG_COMPILER_APPICON_NAME = AppIcon;
				INFOPLIST_FILE = CordovaPluginDeviceDemo/Info.plist;
				LD_RUNPATH_SEARCH_PATHS = "$(inherited) @executable_path/Frameworks";
				PRODUCT_NAME = "$(TARGET_NAME)";
				TARGETED_DEVICE_FAMILY = "1,2";
			};
			name = Debug;
		};
		AB4CDD4E1A27001D000841F5 /* Release */ = {
			isa = XCBuildConfiguration;
			buildSettings = {
				ASSETCATALOG_COMPILER_APPICON_NAME = AppIcon;
				INFOPLIST_FILE = CordovaPluginDeviceDemo/Info.plist;
				LD_RUNPATH_SEARCH_PATHS = "$(inherited) @executable_path/Frameworks";
				PRODUCT_NAME = "$(TARGET_NAME)";
				TARGETED_DEVICE_FAMILY = "1,2";
			};
			name = Release;
		};
/* End XCBuildConfiguration section */

/* Begin XCConfigurationList section */
		AB4CDD241A27001D000841F5 /* Build configuration list for PBXProject "CordovaPluginDeviceDemo" */ = {
			isa = XCConfigurationList;
			buildConfigurations = (
				AB4CDD4A1A27001D000841F5 /* Debug */,
				AB4CDD4B1A27001D000841F5 /* Release */,
			);
			defaultConfigurationIsVisible = 0;
			defaultConfigurationName = Release;
		};
		AB4CDD4C1A27001D000841F5 /* Build configuration list for PBXNativeTarget "CordovaPluginDeviceDemo" */ = {
			isa = XCConfigurationList;
			buildConfigurations = (
				AB4CDD4D1A27001D000841F5 /* Debug */,
				AB4CDD4E1A27001D000841F5 /* Release */,
			);
			defaultConfigurationIsVisible = 0;
			defaultConfigurationName = Release;
		};
/* End XCConfigurationList section */
	};
	rootObject = AB4CDD211A27001D000841F5 /* Project object */;
}
