// !$*UTF8*$!
{
	archiveVersion = 1;
	classes = {
	};
	objectVersion = 46;
	objects = {

/* Begin PBXBuildFile section */
		EE174E421A00FBA900168D96 /* LaunchScreen.xib in Resources */ = {isa = PBXBuildFile; fileRef = EE62693919FA54AC00EFC3F8 /* LaunchScreen.xib */; };
		EE174E431A00FBA900168D96 /* Main.storyboard in Resources */ = {isa = PBXBuildFile; fileRef = EE62693B19FA54AC00EFC3F8 /* Main.storyboard */; };
		EE174E651A02375A00168D96 /* EchoExtension.framework in Embed Frameworks */ = {isa = PBXBuildFile; fileRef = EE174E631A02375A00168D96 /* EchoExtension.framework */; settings = {ATTRIBUTES = (CodeSignOnCopy, RemoveHeadersOnCopy, ); }; };
		EE62693019FA546B00EFC3F8 /* Info.plist in Resources */ = {isa = PBXBuildFile; fileRef = EE62692F19FA546B00EFC3F8 /* Info.plist */; };
		EE62693519FA548E00EFC3F8 /* AppDelegate.swift in Sources */ = {isa = PBXBuildFile; fileRef = EE62693119FA548E00EFC3F8 /* AppDelegate.swift */; };
		EE62693619FA548E00EFC3F8 /* echo.html in Resources */ = {isa = PBXBuildFile; fileRef = EE62693219FA548E00EFC3F8 /* echo.html */; };
		EE62693719FA548E00EFC3F8 /* Images.xcassets in Resources */ = {isa = PBXBuildFile; fileRef = EE62693319FA548E00EFC3F8 /* Images.xcassets */; };
		EE62693819FA548E00EFC3F8 /* ViewController.swift in Sources */ = {isa = PBXBuildFile; fileRef = EE62693419FA548E00EFC3F8 /* ViewController.swift */; };
/* End PBXBuildFile section */

/* Begin PBXCopyFilesBuildPhase section */
		EE174E5B1A02362800168D96 /* Embed Frameworks */ = {
			isa = PBXCopyFilesBuildPhase;
			buildActionMask = 2147483647;
			dstPath = "";
			dstSubfolderSpec = 10;
			files = (
				EE174E651A02375A00168D96 /* EchoExtension.framework in Embed Frameworks */,
			);
			name = "Embed Frameworks";
			runOnlyForDeploymentPostprocessing = 0;
		};
/* End PBXCopyFilesBuildPhase section */

/* Begin PBXFileReference section */
		EE174E631A02375A00168D96 /* EchoExtension.framework */ = {isa = PBXFileReference; lastKnownFileType = wrapper.framework; name = EchoExtension.framework; path = "Build/Products/Debug-iphonesimulator/EchoExtension.framework"; sourceTree = "<group>"; };
		EE174E711A0260A600168D96 /* CrosswalkLite.framework */ = {isa = PBXFileReference; lastKnownFileType = wrapper.framework; name = CrosswalkLite.framework; path = "build/Debug-iphoneos/CrosswalkLite.framework"; sourceTree = "<group>"; };
		EE6268B319FA494000EFC3F8 /* EchoApp.app */ = {isa = PBXFileReference; explicitFileType = wrapper.application; includeInIndex = 0; path = EchoApp.app; sourceTree = BUILT_PRODUCTS_DIR; };
		EE62692F19FA546B00EFC3F8 /* Info.plist */ = {isa = PBXFileReference; fileEncoding = 4; lastKnownFileType = text.plist.xml; name = Info.plist; path = src/echo/app/Info.plist; sourceTree = "<group>"; };
		EE62693119FA548E00EFC3F8 /* AppDelegate.swift */ = {isa = PBXFileReference; fileEncoding = 4; lastKnownFileType = sourcecode.swift; name = AppDelegate.swift; path = src/echo/app/AppDelegate.swift; sourceTree = "<group>"; };
		EE62693219FA548E00EFC3F8 /* echo.html */ = {isa = PBXFileReference; fileEncoding = 4; lastKnownFileType = text.html; name = echo.html; path = src/echo/app/echo.html; sourceTree = "<group>"; };
		EE62693319FA548E00EFC3F8 /* Images.xcassets */ = {isa = PBXFileReference; lastKnownFileType = folder.assetcatalog; name = Images.xcassets; path = src/echo/app/Images.xcassets; sourceTree = "<group>"; };
		EE62693419FA548E00EFC3F8 /* ViewController.swift */ = {isa = PBXFileReference; fileEncoding = 4; lastKnownFileType = sourcecode.swift; name = ViewController.swift; path = src/echo/app/ViewController.swift; sourceTree = "<group>"; };
		EE62693A19FA54AC00EFC3F8 /* Base */ = {isa = PBXFileReference; lastKnownFileType = file.xib; name = Base; path = src/echo/app/Base.lproj/LaunchScreen.xib; sourceTree = "<group>"; };
		EE62693C19FA54AC00EFC3F8 /* Base */ = {isa = PBXFileReference; lastKnownFileType = file.storyboard; name = Base; path = src/echo/app/Base.lproj/Main.storyboard; sourceTree = "<group>"; };
/* End PBXFileReference section */

/* Begin PBXFrameworksBuildPhase section */
		EE6268B019FA494000EFC3F8 /* Frameworks */ = {
			isa = PBXFrameworksBuildPhase;
			buildActionMask = 2147483647;
			files = (
			);
			runOnlyForDeploymentPostprocessing = 0;
		};
/* End PBXFrameworksBuildPhase section */

/* Begin PBXGroup section */
		EE6268AA19FA494000EFC3F8 = {
			isa = PBXGroup;
			children = (
				EE174E711A0260A600168D96 /* CrosswalkLite.framework */,
				EE174E631A02375A00168D96 /* EchoExtension.framework */,
				EE6268B519FA494000EFC3F8 /* EchoApp */,
				EE6268B419FA494000EFC3F8 /* Products */,
			);
			sourceTree = "<group>";
		};
		EE6268B419FA494000EFC3F8 /* Products */ = {
			isa = PBXGroup;
			children = (
				EE6268B319FA494000EFC3F8 /* EchoApp.app */,
			);
			name = Products;
			sourceTree = "<group>";
		};
		EE6268B519FA494000EFC3F8 /* EchoApp */ = {
			isa = PBXGroup;
			children = (
				EE62693919FA54AC00EFC3F8 /* LaunchScreen.xib */,
				EE62693B19FA54AC00EFC3F8 /* Main.storyboard */,
				EE62693119FA548E00EFC3F8 /* AppDelegate.swift */,
				EE62693219FA548E00EFC3F8 /* echo.html */,
				EE62693319FA548E00EFC3F8 /* Images.xcassets */,
				EE62693419FA548E00EFC3F8 /* ViewController.swift */,
				EE6268B619FA494000EFC3F8 /* Supporting Files */,
			);
			name = EchoApp;
			path = ..;
			sourceTree = SOURCE_ROOT;
		};
		EE6268B619FA494000EFC3F8 /* Supporting Files */ = {
			isa = PBXGroup;
			children = (
				EE62692F19FA546B00EFC3F8 /* Info.plist */,
			);
			name = "Supporting Files";
			sourceTree = "<group>";
		};
/* End PBXGroup section */

/* Begin PBXNativeTarget section */
		EE6268B219FA494000EFC3F8 /* EchoApp */ = {
			isa = PBXNativeTarget;
			buildConfigurationList = EE6268D219FA494000EFC3F8 /* Build configuration list for PBXNativeTarget "EchoApp" */;
			buildPhases = (
				EE6268AF19FA494000EFC3F8 /* Sources */,
				EE6268B019FA494000EFC3F8 /* Frameworks */,
				EE6268B119FA494000EFC3F8 /* Resources */,
				EE174E5B1A02362800168D96 /* Embed Frameworks */,
			);
			buildRules = (
			);
			dependencies = (
			);
			name = EchoApp;
			productName = EchoApp;
			productReference = EE6268B319FA494000EFC3F8 /* EchoApp.app */;
			productType = "com.apple.product-type.application";
		};
/* End PBXNativeTarget section */

/* Begin PBXProject section */
		EE6268AB19FA494000EFC3F8 /* Project object */ = {
			isa = PBXProject;
			attributes = {
				LastUpgradeCheck = 0610;
				ORGANIZATIONNAME = Crosswalk;
				TargetAttributes = {
					EE6268B219FA494000EFC3F8 = {
						CreatedOnToolsVersion = 6.1;
					};
				};
			};
			buildConfigurationList = EE6268AE19FA494000EFC3F8 /* Build configuration list for PBXProject "EchoApp" */;
			compatibilityVersion = "Xcode 3.2";
			developmentRegion = English;
			hasScannedForEncodings = 0;
			knownRegions = (
				en,
				Base,
			);
			mainGroup = EE6268AA19FA494000EFC3F8;
			productRefGroup = EE6268B419FA494000EFC3F8 /* Products */;
			projectDirPath = "";
			projectRoot = "";
			targets = (
				EE6268B219FA494000EFC3F8 /* EchoApp */,
			);
		};
/* End PBXProject section */

/* Begin PBXResourcesBuildPhase section */
		EE6268B119FA494000EFC3F8 /* Resources */ = {
			isa = PBXResourcesBuildPhase;
			buildActionMask = 2147483647;
			files = (
				EE174E421A00FBA900168D96 /* LaunchScreen.xib in Resources */,
				EE174E431A00FBA900168D96 /* Main.storyboard in Resources */,
				EE62693719FA548E00EFC3F8 /* Images.xcassets in Resources */,
				EE62693019FA546B00EFC3F8 /* Info.plist in Resources */,
				EE62693619FA548E00EFC3F8 /* echo.html in Resources */,
			);
			runOnlyForDeploymentPostprocessing = 0;
		};
/* End PBXResourcesBuildPhase section */

/* Begin PBXSourcesBuildPhase section */
		EE6268AF19FA494000EFC3F8 /* Sources */ = {
			isa = PBXSourcesBuildPhase;
			buildActionMask = 2147483647;
			files = (
				EE62693819FA548E00EFC3F8 /* ViewController.swift in Sources */,
				EE62693519FA548E00EFC3F8 /* AppDelegate.swift in Sources */,
			);
			runOnlyForDeploymentPostprocessing = 0;
		};
/* End PBXSourcesBuildPhase section */

/* Begin PBXVariantGroup section */
		EE62693919FA54AC00EFC3F8 /* LaunchScreen.xib */ = {
			isa = PBXVariantGroup;
			children = (
				EE62693A19FA54AC00EFC3F8 /* Base */,
			);
			name = LaunchScreen.xib;
			sourceTree = "<group>";
		};
		EE62693B19FA54AC00EFC3F8 /* Main.storyboard */ = {
			isa = PBXVariantGroup;
			children = (
				EE62693C19FA54AC00EFC3F8 /* Base */,
			);
			name = Main.storyboard;
			sourceTree = "<group>";
		};
/* End PBXVariantGroup section */

/* Begin XCBuildConfiguration section */
		EE6268D019FA494000EFC3F8 /* Debug */ = {
			isa = XCBuildConfiguration;
			buildSettings = {
				ALWAYS_SEARCH_USER_PATHS = NO;
				CLANG_CXX_LANGUAGE_STANDARD = "gnu++0x";
				CLANG_CXX_LIBRARY = "libc++";
				CLANG_ENABLE_MODULES = YES;
				CLANG_ENABLE_OBJC_ARC = YES;
				CLANG_WARN_BOOL_CONVERSION = YES;
				CLANG_WARN_CONSTANT_CONVERSION = YES;
				CLANG_WARN_DIRECT_OBJC_ISA_USAGE = YES_ERROR;
				CLANG_WARN_EMPTY_BODY = YES;
				CLANG_WARN_ENUM_CONVERSION = YES;
				CLANG_WARN_INT_CONVERSION = YES;
				CLANG_WARN_OBJC_ROOT_CLASS = YES_ERROR;
				CLANG_WARN_UNREACHABLE_CODE = YES;
				CLANG_WARN__DUPLICATE_METHOD_MATCH = YES;
				"CODE_SIGN_IDENTITY[sdk=iphoneos*]" = "iPhone Developer";
				COPY_PHASE_STRIP = NO;
				ENABLE_STRICT_OBJC_MSGSEND = YES;
				GCC_C_LANGUAGE_STANDARD = gnu99;
				GCC_DYNAMIC_NO_PIC = NO;
				GCC_OPTIMIZATION_LEVEL = 0;
				GCC_PREPROCESSOR_DEFINITIONS = (
					"DEBUG=1",
					"$(inherited)",
				);
				GCC_SYMBOLS_PRIVATE_EXTERN = NO;
				GCC_WARN_64_TO_32_BIT_CONVERSION = YES;
				GCC_WARN_ABOUT_RETURN_TYPE = YES_ERROR;
				GCC_WARN_UNDECLARED_SELECTOR = YES;
				GCC_WARN_UNINITIALIZED_AUTOS = YES_AGGRESSIVE;
				GCC_WARN_UNUSED_FUNCTION = YES;
				GCC_WARN_UNUSED_VARIABLE = YES;
				IPHONEOS_DEPLOYMENT_TARGET = 8.1;
				MTL_ENABLE_DEBUG_INFO = YES;
				ONLY_ACTIVE_ARCH = YES;
				SDKROOT = iphoneos;
				SWIFT_OPTIMIZATION_LEVEL = "-Onone";
				TARGETED_DEVICE_FAMILY = "1,2";
			};
			name = Debug;
		};
		EE6268D119FA494000EFC3F8 /* Release */ = {
			isa = XCBuildConfiguration;
			buildSettings = {
				ALWAYS_SEARCH_USER_PATHS = NO;
				CLANG_CXX_LANGUAGE_STANDARD = "gnu++0x";
				CLANG_CXX_LIBRARY = "libc++";
				CLANG_ENABLE_MODULES = YES;
				CLANG_ENABLE_OBJC_ARC = YES;
				CLANG_WARN_BOOL_CONVERSION = YES;
				CLANG_WARN_CONSTANT_CONVERSION = YES;
				CLANG_WARN_DIRECT_OBJC_ISA_USAGE = YES_ERROR;
				CLANG_WARN_EMPTY_BODY = YES;
				CLANG_WARN_ENUM_CONVERSION = YES;
				CLANG_WARN_INT_CONVERSION = YES;
				CLANG_WARN_OBJC_ROOT_CLASS = YES_ERROR;
				CLANG_WARN_UNREACHABLE_CODE = YES;
				CLANG_WARN__DUPLICATE_METHOD_MATCH = YES;
				"CODE_SIGN_IDENTITY[sdk=iphoneos*]" = "iPhone Developer";
				COPY_PHASE_STRIP = YES;
				ENABLE_NS_ASSERTIONS = NO;
				ENABLE_STRICT_OBJC_MSGSEND = YES;
				GCC_C_LANGUAGE_STANDARD = gnu99;
				GCC_WARN_64_TO_32_BIT_CONVERSION = YES;
				GCC_WARN_ABOUT_RETURN_TYPE = YES_ERROR;
				GCC_WARN_UNDECLARED_SELECTOR = YES;
				GCC_WARN_UNINITIALIZED_AUTOS = YES_AGGRESSIVE;
				GCC_WARN_UNUSED_FUNCTION = YES;
				GCC_WARN_UNUSED_VARIABLE = YES;
				IPHONEOS_DEPLOYMENT_TARGET = 8.1;
				MTL_ENABLE_DEBUG_INFO = NO;
				SDKROOT = iphoneos;
				TARGETED_DEVICE_FAMILY = "1,2";
				VALIDATE_PRODUCT = YES;
			};
			name = Release;
		};
		EE6268D319FA494000EFC3F8 /* Debug */ = {
			isa = XCBuildConfiguration;
			buildSettings = {
				ASSETCATALOG_COMPILER_APPICON_NAME = AppIcon;
				EMBEDDED_CONTENT_CONTAINS_SWIFT = YES;
				FRAMEWORK_SEARCH_PATHS = (
					"$(inherited)",
					"$(PROJECT_DIR)/build/Debug-iphoneos",
					"$(PROJECT_DIR)/Build/Products/Debug-iphonesimulator",
					"/Users/solar/Devel/crosswalk-ios/src/third-party/SwiftyJSON/build/Debug-iphoneos",
				);
				INFOPLIST_FILE = ../src/echo/app/Info.plist;
				LD_RUNPATH_SEARCH_PATHS = "$(inherited) @executable_path/Frameworks";
				PRODUCT_NAME = "$(TARGET_NAME)";
			};
			name = Debug;
		};
		EE6268D419FA494000EFC3F8 /* Release */ = {
			isa = XCBuildConfiguration;
			buildSettings = {
				ASSETCATALOG_COMPILER_APPICON_NAME = AppIcon;
				EMBEDDED_CONTENT_CONTAINS_SWIFT = YES;
				FRAMEWORK_SEARCH_PATHS = (
					"$(inherited)",
					"$(PROJECT_DIR)/build/Debug-iphoneos",
					"$(PROJECT_DIR)/Build/Products/Debug-iphonesimulator",
					"/Users/solar/Devel/crosswalk-ios/src/third-party/SwiftyJSON/build/Debug-iphoneos",
				);
				INFOPLIST_FILE = ../src/echo/app/Info.plist;
				LD_RUNPATH_SEARCH_PATHS = "$(inherited) @executable_path/Frameworks";
				PRODUCT_NAME = "$(TARGET_NAME)";
			};
			name = Release;
		};
/* End XCBuildConfiguration section */

/* Begin XCConfigurationList section */
		EE6268AE19FA494000EFC3F8 /* Build configuration list for PBXProject "EchoApp" */ = {
			isa = XCConfigurationList;
			buildConfigurations = (
				EE6268D019FA494000EFC3F8 /* Debug */,
				EE6268D119FA494000EFC3F8 /* Release */,
			);
			defaultConfigurationIsVisible = 0;
			defaultConfigurationName = Release;
		};
		EE6268D219FA494000EFC3F8 /* Build configuration list for PBXNativeTarget "EchoApp" */ = {
			isa = XCConfigurationList;
			buildConfigurations = (
				EE6268D319FA494000EFC3F8 /* Debug */,
				EE6268D419FA494000EFC3F8 /* Release */,
			);
			defaultConfigurationIsVisible = 0;
			defaultConfigurationName = Release;
		};
/* End XCConfigurationList section */
	};
	rootObject = EE6268AB19FA494000EFC3F8 /* Project object */;
}
