// !$*UTF8*$!
{
	archiveVersion = 1;
	classes = {
	};
	objectVersion = 46;
	objects = {

/* Begin PBXBuildFile section */
		AB34149D19E919A400AB6F43 /* CrosswalkiOS.framework in Embed Frameworks */ = {isa = PBXBuildFile; fileRef = AB34149A19E919A400AB6F43 /* CrosswalkiOS.framework */; settings = {ATTRIBUTES = (CodeSignOnCopy, RemoveHeadersOnCopy, ); }; };
		AB34149F19E919A400AB6F43 /* EchoExtension.framework in Embed Frameworks */ = {isa = PBXBuildFile; fileRef = AB34149B19E919A400AB6F43 /* EchoExtension.framework */; settings = {ATTRIBUTES = (CodeSignOnCopy, RemoveHeadersOnCopy, ); }; };
		AB346F7D19D14884005B375C /* AppDelegate.swift in Sources */ = {isa = PBXBuildFile; fileRef = AB346F7C19D14884005B375C /* AppDelegate.swift */; };
		AB346F7F19D14884005B375C /* ViewController.swift in Sources */ = {isa = PBXBuildFile; fileRef = AB346F7E19D14884005B375C /* ViewController.swift */; };
		AB346F8219D14884005B375C /* Main.storyboard in Resources */ = {isa = PBXBuildFile; fileRef = AB346F8019D14884005B375C /* Main.storyboard */; };
		AB346F8419D14884005B375C /* Images.xcassets in Resources */ = {isa = PBXBuildFile; fileRef = AB346F8319D14884005B375C /* Images.xcassets */; };
		AB346F8719D14884005B375C /* LaunchScreen.xib in Resources */ = {isa = PBXBuildFile; fileRef = AB346F8519D14884005B375C /* LaunchScreen.xib */; };
		AB346F9319D14885005B375C /* EchoAppTests.swift in Sources */ = {isa = PBXBuildFile; fileRef = AB346F9219D14885005B375C /* EchoAppTests.swift */; };
		AB5AABBD19D275BA000E5C94 /* echo.html in Resources */ = {isa = PBXBuildFile; fileRef = AB5AABBB19D275BA000E5C94 /* echo.html */; };
/* End PBXBuildFile section */

/* Begin PBXContainerItemProxy section */
		AB346F8D19D14885005B375C /* PBXContainerItemProxy */ = {
			isa = PBXContainerItemProxy;
			containerPortal = AB346F6F19D14884005B375C /* Project object */;
			proxyType = 1;
			remoteGlobalIDString = AB346F7619D14884005B375C;
			remoteInfo = EchoApp;
		};
/* End PBXContainerItemProxy section */

/* Begin PBXCopyFilesBuildPhase section */
		AB3414A019E919A400AB6F43 /* Embed Frameworks */ = {
			isa = PBXCopyFilesBuildPhase;
			buildActionMask = 12;
			dstPath = "";
			dstSubfolderSpec = 10;
			files = (
				AB34149D19E919A400AB6F43 /* CrosswalkiOS.framework in Embed Frameworks */,
				AB34149F19E919A400AB6F43 /* EchoExtension.framework in Embed Frameworks */,
			);
			name = "Embed Frameworks";
			runOnlyForDeploymentPostprocessing = 0;
		};
/* End PBXCopyFilesBuildPhase section */

/* Begin PBXFileReference section */
		AB34149A19E919A400AB6F43 /* CrosswalkiOS.framework */ = {isa = PBXFileReference; lastKnownFileType = wrapper.framework; name = CrosswalkiOS.framework; path = "../Build/Products/Debug-iphonesimulator/CrosswalkiOS.framework"; sourceTree = "<group>"; };
		AB34149B19E919A400AB6F43 /* EchoExtension.framework */ = {isa = PBXFileReference; lastKnownFileType = wrapper.framework; name = EchoExtension.framework; path = "../Build/Products/Debug-iphonesimulator/EchoExtension.framework"; sourceTree = "<group>"; };
		AB346F7719D14884005B375C /* EchoApp.app */ = {isa = PBXFileReference; explicitFileType = wrapper.application; includeInIndex = 0; path = EchoApp.app; sourceTree = BUILT_PRODUCTS_DIR; };
		AB346F7B19D14884005B375C /* Info.plist */ = {isa = PBXFileReference; lastKnownFileType = text.plist.xml; path = Info.plist; sourceTree = "<group>"; };
		AB346F7C19D14884005B375C /* AppDelegate.swift */ = {isa = PBXFileReference; lastKnownFileType = sourcecode.swift; path = AppDelegate.swift; sourceTree = "<group>"; };
		AB346F7E19D14884005B375C /* ViewController.swift */ = {isa = PBXFileReference; lastKnownFileType = sourcecode.swift; path = ViewController.swift; sourceTree = "<group>"; };
		AB346F8119D14884005B375C /* Base */ = {isa = PBXFileReference; lastKnownFileType = file.storyboard; name = Base; path = Base.lproj/Main.storyboard; sourceTree = "<group>"; };
		AB346F8319D14884005B375C /* Images.xcassets */ = {isa = PBXFileReference; lastKnownFileType = folder.assetcatalog; path = Images.xcassets; sourceTree = "<group>"; };
		AB346F8619D14884005B375C /* Base */ = {isa = PBXFileReference; lastKnownFileType = file.xib; name = Base; path = Base.lproj/LaunchScreen.xib; sourceTree = "<group>"; };
		AB346F8C19D14885005B375C /* EchoAppTests.xctest */ = {isa = PBXFileReference; explicitFileType = wrapper.cfbundle; includeInIndex = 0; path = EchoAppTests.xctest; sourceTree = BUILT_PRODUCTS_DIR; };
		AB346F9119D14885005B375C /* Info.plist */ = {isa = PBXFileReference; lastKnownFileType = text.plist.xml; path = Info.plist; sourceTree = "<group>"; };
		AB346F9219D14885005B375C /* EchoAppTests.swift */ = {isa = PBXFileReference; lastKnownFileType = sourcecode.swift; path = EchoAppTests.swift; sourceTree = "<group>"; };
		AB5AABBB19D275BA000E5C94 /* echo.html */ = {isa = PBXFileReference; fileEncoding = 4; lastKnownFileType = text.html; path = echo.html; sourceTree = "<group>"; };
/* End PBXFileReference section */

/* Begin PBXFrameworksBuildPhase section */
		AB346F7419D14884005B375C /* Frameworks */ = {
			isa = PBXFrameworksBuildPhase;
			buildActionMask = 2147483647;
			files = (
			);
			runOnlyForDeploymentPostprocessing = 0;
		};
		AB346F8919D14885005B375C /* Frameworks */ = {
			isa = PBXFrameworksBuildPhase;
			buildActionMask = 2147483647;
			files = (
			);
			runOnlyForDeploymentPostprocessing = 0;
		};
/* End PBXFrameworksBuildPhase section */

/* Begin PBXGroup section */
		AB346F6E19D14884005B375C = {
			isa = PBXGroup;
			children = (
				AB5AABBA19D2759A000E5C94 /* app */,
				AB5AABB919D27584000E5C94 /* Frameworks */,
				AB346F7919D14884005B375C /* EchoApp */,
				AB346F8F19D14885005B375C /* EchoAppTests */,
				AB346F7819D14884005B375C /* Products */,
			);
			sourceTree = "<group>";
		};
		AB346F7819D14884005B375C /* Products */ = {
			isa = PBXGroup;
			children = (
				AB346F7719D14884005B375C /* EchoApp.app */,
				AB346F8C19D14885005B375C /* EchoAppTests.xctest */,
			);
			name = Products;
			sourceTree = "<group>";
		};
		AB346F7919D14884005B375C /* EchoApp */ = {
			isa = PBXGroup;
			children = (
				AB346F7C19D14884005B375C /* AppDelegate.swift */,
				AB346F7E19D14884005B375C /* ViewController.swift */,
				AB346F8019D14884005B375C /* Main.storyboard */,
				AB346F8319D14884005B375C /* Images.xcassets */,
				AB346F8519D14884005B375C /* LaunchScreen.xib */,
				AB346F7A19D14884005B375C /* Supporting Files */,
			);
			path = EchoApp;
			sourceTree = "<group>";
		};
		AB346F7A19D14884005B375C /* Supporting Files */ = {
			isa = PBXGroup;
			children = (
				AB346F7B19D14884005B375C /* Info.plist */,
			);
			name = "Supporting Files";
			sourceTree = "<group>";
		};
		AB346F8F19D14885005B375C /* EchoAppTests */ = {
			isa = PBXGroup;
			children = (
				AB346F9219D14885005B375C /* EchoAppTests.swift */,
				AB346F9019D14885005B375C /* Supporting Files */,
			);
			path = EchoAppTests;
			sourceTree = "<group>";
		};
		AB346F9019D14885005B375C /* Supporting Files */ = {
			isa = PBXGroup;
			children = (
				AB346F9119D14885005B375C /* Info.plist */,
			);
			name = "Supporting Files";
			sourceTree = "<group>";
		};
		AB5AABB919D27584000E5C94 /* Frameworks */ = {
			isa = PBXGroup;
			children = (
				AB34149A19E919A400AB6F43 /* CrosswalkiOS.framework */,
				AB34149B19E919A400AB6F43 /* EchoExtension.framework */,
			);
			name = Frameworks;
			sourceTree = "<group>";
		};
		AB5AABBA19D2759A000E5C94 /* app */ = {
			isa = PBXGroup;
			children = (
				AB5AABBB19D275BA000E5C94 /* echo.html */,
			);
			name = app;
			sourceTree = "<group>";
		};
/* End PBXGroup section */

/* Begin PBXNativeTarget section */
		AB346F7619D14884005B375C /* EchoApp */ = {
			isa = PBXNativeTarget;
			buildConfigurationList = AB346F9619D14885005B375C /* Build configuration list for PBXNativeTarget "EchoApp" */;
			buildPhases = (
				AB346F7319D14884005B375C /* Sources */,
				AB346F7419D14884005B375C /* Frameworks */,
				AB346F7519D14884005B375C /* Resources */,
				AB3414A019E919A400AB6F43 /* Embed Frameworks */,
			);
			buildRules = (
			);
			dependencies = (
			);
			name = EchoApp;
			productName = EchoApp;
			productReference = AB346F7719D14884005B375C /* EchoApp.app */;
			productType = "com.apple.product-type.application";
		};
		AB346F8B19D14885005B375C /* EchoAppTests */ = {
			isa = PBXNativeTarget;
			buildConfigurationList = AB346F9919D14885005B375C /* Build configuration list for PBXNativeTarget "EchoAppTests" */;
			buildPhases = (
				AB346F8819D14885005B375C /* Sources */,
				AB346F8919D14885005B375C /* Frameworks */,
				AB346F8A19D14885005B375C /* Resources */,
			);
			buildRules = (
			);
			dependencies = (
				AB346F8E19D14885005B375C /* PBXTargetDependency */,
			);
			name = EchoAppTests;
			productName = EchoAppTests;
			productReference = AB346F8C19D14885005B375C /* EchoAppTests.xctest */;
			productType = "com.apple.product-type.bundle.unit-test";
		};
/* End PBXNativeTarget section */

/* Begin PBXProject section */
		AB346F6F19D14884005B375C /* Project object */ = {
			isa = PBXProject;
			attributes = {
				LastUpgradeCheck = 0600;
				ORGANIZATIONNAME = Crosswalk;
				TargetAttributes = {
					AB346F7619D14884005B375C = {
						CreatedOnToolsVersion = 6.0.1;
					};
					AB346F8B19D14885005B375C = {
						CreatedOnToolsVersion = 6.0.1;
						TestTargetID = AB346F7619D14884005B375C;
					};
				};
			};
			buildConfigurationList = AB346F7219D14884005B375C /* Build configuration list for PBXProject "EchoApp" */;
			compatibilityVersion = "Xcode 3.2";
			developmentRegion = English;
			hasScannedForEncodings = 0;
			knownRegions = (
				en,
				Base,
			);
			mainGroup = AB346F6E19D14884005B375C;
			productRefGroup = AB346F7819D14884005B375C /* Products */;
			projectDirPath = "";
			projectRoot = "";
			targets = (
				AB346F7619D14884005B375C /* EchoApp */,
				AB346F8B19D14885005B375C /* EchoAppTests */,
			);
		};
/* End PBXProject section */

/* Begin PBXResourcesBuildPhase section */
		AB346F7519D14884005B375C /* Resources */ = {
			isa = PBXResourcesBuildPhase;
			buildActionMask = 2147483647;
			files = (
				AB346F8219D14884005B375C /* Main.storyboard in Resources */,
				AB346F8719D14884005B375C /* LaunchScreen.xib in Resources */,
				AB346F8419D14884005B375C /* Images.xcassets in Resources */,
				AB5AABBD19D275BA000E5C94 /* echo.html in Resources */,
			);
			runOnlyForDeploymentPostprocessing = 0;
		};
		AB346F8A19D14885005B375C /* Resources */ = {
			isa = PBXResourcesBuildPhase;
			buildActionMask = 2147483647;
			files = (
			);
			runOnlyForDeploymentPostprocessing = 0;
		};
/* End PBXResourcesBuildPhase section */

/* Begin PBXSourcesBuildPhase section */
		AB346F7319D14884005B375C /* Sources */ = {
			isa = PBXSourcesBuildPhase;
			buildActionMask = 2147483647;
			files = (
				AB346F7F19D14884005B375C /* ViewController.swift in Sources */,
				AB346F7D19D14884005B375C /* AppDelegate.swift in Sources */,
			);
			runOnlyForDeploymentPostprocessing = 0;
		};
		AB346F8819D14885005B375C /* Sources */ = {
			isa = PBXSourcesBuildPhase;
			buildActionMask = 2147483647;
			files = (
				AB346F9319D14885005B375C /* EchoAppTests.swift in Sources */,
			);
			runOnlyForDeploymentPostprocessing = 0;
		};
/* End PBXSourcesBuildPhase section */

/* Begin PBXTargetDependency section */
		AB346F8E19D14885005B375C /* PBXTargetDependency */ = {
			isa = PBXTargetDependency;
			target = AB346F7619D14884005B375C /* EchoApp */;
			targetProxy = AB346F8D19D14885005B375C /* PBXContainerItemProxy */;
		};
/* End PBXTargetDependency section */

/* Begin PBXVariantGroup section */
		AB346F8019D14884005B375C /* Main.storyboard */ = {
			isa = PBXVariantGroup;
			children = (
				AB346F8119D14884005B375C /* Base */,
			);
			name = Main.storyboard;
			sourceTree = "<group>";
		};
		AB346F8519D14884005B375C /* LaunchScreen.xib */ = {
			isa = PBXVariantGroup;
			children = (
				AB346F8619D14884005B375C /* Base */,
			);
			name = LaunchScreen.xib;
			sourceTree = "<group>";
		};
/* End PBXVariantGroup section */

/* Begin XCBuildConfiguration section */
		AB346F9419D14885005B375C /* Debug */ = {
			isa = XCBuildConfiguration;
			buildSettings = {
				ALWAYS_SEARCH_USER_PATHS = NO;
				CLANG_CXX_LANGUAGE_STANDARD = "gnu++0x";
				CLANG_CXX_LIBRARY = "libc++";
				CLANG_ENABLE_MODULES = YES;
				CLANG_ENABLE_OBJC_ARC = YES;
				CLANG_WARN_BOOL_CONVERSION = YES;
				CLANG_WARN_CONSTANT_CONVERSION = YES;
				CLANG_WARN_DIRECT_OBJC_ISA_USAGE = YES_ERROR;
				CLANG_WARN_EMPTY_BODY = YES;
				CLANG_WARN_ENUM_CONVERSION = YES;
				CLANG_WARN_INT_CONVERSION = YES;
				CLANG_WARN_OBJC_ROOT_CLASS = YES_ERROR;
				CLANG_WARN_UNREACHABLE_CODE = YES;
				CLANG_WARN__DUPLICATE_METHOD_MATCH = YES;
				"CODE_SIGN_IDENTITY[sdk=iphoneos*]" = "iPhone Developer";
				COPY_PHASE_STRIP = NO;
				ENABLE_STRICT_OBJC_MSGSEND = YES;
				GCC_C_LANGUAGE_STANDARD = gnu99;
				GCC_DYNAMIC_NO_PIC = NO;
				GCC_OPTIMIZATION_LEVEL = 0;
				GCC_PREPROCESSOR_DEFINITIONS = (
					"DEBUG=1",
					"$(inherited)",
				);
				GCC_SYMBOLS_PRIVATE_EXTERN = NO;
				GCC_WARN_64_TO_32_BIT_CONVERSION = YES;
				GCC_WARN_ABOUT_RETURN_TYPE = YES_ERROR;
				GCC_WARN_UNDECLARED_SELECTOR = YES;
				GCC_WARN_UNINITIALIZED_AUTOS = YES_AGGRESSIVE;
				GCC_WARN_UNUSED_FUNCTION = YES;
				GCC_WARN_UNUSED_VARIABLE = YES;
				IPHONEOS_DEPLOYMENT_TARGET = 8.0;
				MTL_ENABLE_DEBUG_INFO = YES;
				ONLY_ACTIVE_ARCH = YES;
				SDKROOT = iphoneos;
				SWIFT_OPTIMIZATION_LEVEL = "-Onone";
				TARGETED_DEVICE_FAMILY = "1,2";
			};
			name = Debug;
		};
		AB346F9519D14885005B375C /* Release */ = {
			isa = XCBuildConfiguration;
			buildSettings = {
				ALWAYS_SEARCH_USER_PATHS = NO;
				CLANG_CXX_LANGUAGE_STANDARD = "gnu++0x";
				CLANG_CXX_LIBRARY = "libc++";
				CLANG_ENABLE_MODULES = YES;
				CLANG_ENABLE_OBJC_ARC = YES;
				CLANG_WARN_BOOL_CONVERSION = YES;
				CLANG_WARN_CONSTANT_CONVERSION = YES;
				CLANG_WARN_DIRECT_OBJC_ISA_USAGE = YES_ERROR;
				CLANG_WARN_EMPTY_BODY = YES;
				CLANG_WARN_ENUM_CONVERSION = YES;
				CLANG_WARN_INT_CONVERSION = YES;
				CLANG_WARN_OBJC_ROOT_CLASS = YES_ERROR;
				CLANG_WARN_UNREACHABLE_CODE = YES;
				CLANG_WARN__DUPLICATE_METHOD_MATCH = YES;
				"CODE_SIGN_IDENTITY[sdk=iphoneos*]" = "iPhone Developer";
				COPY_PHASE_STRIP = YES;
				ENABLE_NS_ASSERTIONS = NO;
				ENABLE_STRICT_OBJC_MSGSEND = YES;
				GCC_C_LANGUAGE_STANDARD = gnu99;
				GCC_WARN_64_TO_32_BIT_CONVERSION = YES;
				GCC_WARN_ABOUT_RETURN_TYPE = YES_ERROR;
				GCC_WARN_UNDECLARED_SELECTOR = YES;
				GCC_WARN_UNINITIALIZED_AUTOS = YES_AGGRESSIVE;
				GCC_WARN_UNUSED_FUNCTION = YES;
				GCC_WARN_UNUSED_VARIABLE = YES;
				IPHONEOS_DEPLOYMENT_TARGET = 8.0;
				MTL_ENABLE_DEBUG_INFO = NO;
				SDKROOT = iphoneos;
				TARGETED_DEVICE_FAMILY = "1,2";
				VALIDATE_PRODUCT = YES;
			};
			name = Release;
		};
		AB346F9719D14885005B375C /* Debug */ = {
			isa = XCBuildConfiguration;
			buildSettings = {
				ASSETCATALOG_COMPILER_APPICON_NAME = AppIcon;
				FRAMEWORK_SEARCH_PATHS = (
					"$(inherited)",
					"../Build/Products/Debug-iphonesimulator",
				);
				INFOPLIST_FILE = EchoApp/Info.plist;
				LD_RUNPATH_SEARCH_PATHS = "$(inherited) @executable_path/Frameworks";
				PRODUCT_NAME = "$(TARGET_NAME)";
			};
			name = Debug;
		};
		AB346F9819D14885005B375C /* Release */ = {
			isa = XCBuildConfiguration;
			buildSettings = {
				ASSETCATALOG_COMPILER_APPICON_NAME = AppIcon;
				FRAMEWORK_SEARCH_PATHS = (
					"$(inherited)",
					"../Build/Products/Debug-iphonesimulator",
				);
				INFOPLIST_FILE = EchoApp/Info.plist;
				LD_RUNPATH_SEARCH_PATHS = "$(inherited) @executable_path/Frameworks";
				PRODUCT_NAME = "$(TARGET_NAME)";
			};
			name = Release;
		};
		AB346F9A19D14885005B375C /* Debug */ = {
			isa = XCBuildConfiguration;
			buildSettings = {
				BUNDLE_LOADER = "$(TEST_HOST)";
				FRAMEWORK_SEARCH_PATHS = (
					"$(SDKROOT)/Developer/Library/Frameworks",
					"$(inherited)",
				);
				GCC_PREPROCESSOR_DEFINITIONS = (
					"DEBUG=1",
					"$(inherited)",
				);
				INFOPLIST_FILE = EchoAppTests/Info.plist;
				LD_RUNPATH_SEARCH_PATHS = "$(inherited) @executable_path/Frameworks @loader_path/Frameworks";
				PRODUCT_NAME = "$(TARGET_NAME)";
				TEST_HOST = "$(BUILT_PRODUCTS_DIR)/EchoApp.app/EchoApp";
			};
			name = Debug;
		};
		AB346F9B19D14885005B375C /* Release */ = {
			isa = XCBuildConfiguration;
			buildSettings = {
				BUNDLE_LOADER = "$(TEST_HOST)";
				FRAMEWORK_SEARCH_PATHS = (
					"$(SDKROOT)/Developer/Library/Frameworks",
					"$(inherited)",
				);
				INFOPLIST_FILE = EchoAppTests/Info.plist;
				LD_RUNPATH_SEARCH_PATHS = "$(inherited) @executable_path/Frameworks @loader_path/Frameworks";
				PRODUCT_NAME = "$(TARGET_NAME)";
				TEST_HOST = "$(BUILT_PRODUCTS_DIR)/EchoApp.app/EchoApp";
			};
			name = Release;
		};
/* End XCBuildConfiguration section */

/* Begin XCConfigurationList section */
		AB346F7219D14884005B375C /* Build configuration list for PBXProject "EchoApp" */ = {
			isa = XCConfigurationList;
			buildConfigurations = (
				AB346F9419D14885005B375C /* Debug */,
				AB346F9519D14885005B375C /* Release */,
			);
			defaultConfigurationIsVisible = 0;
			defaultConfigurationName = Release;
		};
		AB346F9619D14885005B375C /* Build configuration list for PBXNativeTarget "EchoApp" */ = {
			isa = XCConfigurationList;
			buildConfigurations = (
				AB346F9719D14885005B375C /* Debug */,
				AB346F9819D14885005B375C /* Release */,
			);
			defaultConfigurationIsVisible = 0;
			defaultConfigurationName = Release;
		};
		AB346F9919D14885005B375C /* Build configuration list for PBXNativeTarget "EchoAppTests" */ = {
			isa = XCConfigurationList;
			buildConfigurations = (
				AB346F9A19D14885005B375C /* Debug */,
				AB346F9B19D14885005B375C /* Release */,
			);
			defaultConfigurationIsVisible = 0;
			defaultConfigurationName = Release;
		};
/* End XCConfigurationList section */
	};
	rootObject = AB346F6F19D14884005B375C /* Project object */;
}
